{
  "object": {
    "pins": [
      {
        "package": "CucumberSwift",
        "repositoryURL": "https://github.com/Tyler-Keith-Thompson/CucumberSwift",
        "state": {
          "branch": null,
          "revision": "9e5a9ab7ed186e33ac81100134c70a3d6a17b745",
          "version": "3.1.1"
        }
      }
    ]
  },
  "version": 1
}
