// !$*UTF8*$!
{
	archiveVersion = 1;
	classes = {
	};
	objectVersion = 50;
	objects = {

/* Begin PBXBuildFile section */
		CA6E36C725B38F81005863FB /* AppDelegate.swift in Sources */ = {isa = PBXBuildFile; fileRef = CA6E36C625B38F81005863FB /* AppDelegate.swift */; };
		CA6E36C925B38F81005863FB /* SceneDelegate.swift in Sources */ = {isa = PBXBuildFile; fileRef = CA6E36C825B38F81005863FB /* SceneDelegate.swift */; };
		CA6E36CB25B38F81005863FB /* ViewController.swift in Sources */ = {isa = PBXBuildFile; fileRef = CA6E36CA25B38F81005863FB /* ViewController.swift */; };
		CA6E36CE25B38F81005863FB /* Main.storyboard in Resources */ = {isa = PBXBuildFile; fileRef = CA6E36CC25B38F81005863FB /* Main.storyboard */; };
		CA6E36D025B38F82005863FB /* Assets.xcassets in Resources */ = {isa = PBXBuildFile; fileRef = CA6E36CF25B38F82005863FB /* Assets.xcassets */; };
		CA6E36D325B38F82005863FB /* LaunchScreen.storyboard in Resources */ = {isa = PBXBuildFile; fileRef = CA6E36D125B38F82005863FB /* LaunchScreen.storyboard */; };
		CA6E36DE25B38F82005863FB /* CucumberSwiftSampleTests.swift in Sources */ = {isa = PBXBuildFile; fileRef = CA6E36DD25B38F82005863FB /* CucumberSwiftSampleTests.swift */; };
		CA6E36E925B38F82005863FB /* CucumberSwiftSampleUITests.swift in Sources */ = {isa = PBXBuildFile; fileRef = CA6E36E825B38F82005863FB /* CucumberSwiftSampleUITests.swift */; };
		CA6E373225B39431005863FB /* CucumberSwift.framework in Copy Carthage Frameworks */ = {isa = PBXBuildFile; fileRef = CA6E373125B39431005863FB /* CucumberSwift.framework */; settings = {ATTRIBUTES = (CodeSignOnCopy, RemoveHeadersOnCopy, ); }; };
		CA6E373925B39501005863FB /* CucumberSwift.framework in Frameworks */ = {isa = PBXBuildFile; fileRef = CA6E373125B39431005863FB /* CucumberSwift.framework */; };
		CA6E374625B3955A005863FB /* AppFeatures in Resources */ = {isa = PBXBuildFile; fileRef = CA6E374525B3955A005863FB /* AppFeatures */; };
/* End PBXBuildFile section */

/* Begin PBXContainerItemProxy section */
		CA6E36DA25B38F82005863FB /* PBXContainerItemProxy */ = {
			isa = PBXContainerItemProxy;
			containerPortal = CA6E36BB25B38F81005863FB /* Project object */;
			proxyType = 1;
			remoteGlobalIDString = CA6E36C225B38F81005863FB;
			remoteInfo = CucumberSwiftSample;
		};
		CA6E36E525B38F82005863FB /* PBXContainerItemProxy */ = {
			isa = PBXContainerItemProxy;
			containerPortal = CA6E36BB25B38F81005863FB /* Project object */;
			proxyType = 1;
			remoteGlobalIDString = CA6E36C225B38F81005863FB;
			remoteInfo = CucumberSwiftSample;
		};
/* End PBXContainerItemProxy section */

/* Begin PBXCopyFilesBuildPhase section */
		CA6E373025B3940B005863FB /* Copy Carthage Frameworks */ = {
			isa = PBXCopyFilesBuildPhase;
			buildActionMask = 2147483647;
			dstPath = "";
			dstSubfolderSpec = 10;
			files = (
				CA6E373225B39431005863FB /* CucumberSwift.framework in Copy Carthage Frameworks */,
			);
			name = "Copy Carthage Frameworks";
			runOnlyForDeploymentPostprocessing = 0;
		};
/* End PBXCopyFilesBuildPhase section */

/* Begin PBXFileReference section */
		CA6E36C325B38F81005863FB /* CucumberSwiftSample.app */ = {isa = PBXFileReference; explicitFileType = wrapper.application; includeInIndex = 0; path = CucumberSwiftSample.app; sourceTree = BUILT_PRODUCTS_DIR; };
		CA6E36C625B38F81005863FB /* AppDelegate.swift */ = {isa = PBXFileReference; lastKnownFileType = sourcecode.swift; path = AppDelegate.swift; sourceTree = "<group>"; };
		CA6E36C825B38F81005863FB /* SceneDelegate.swift */ = {isa = PBXFileReference; lastKnownFileType = sourcecode.swift; path = SceneDelegate.swift; sourceTree = "<group>"; };
		CA6E36CA25B38F81005863FB /* ViewController.swift */ = {isa = PBXFileReference; lastKnownFileType = sourcecode.swift; path = ViewController.swift; sourceTree = "<group>"; };
		CA6E36CD25B38F81005863FB /* Base */ = {isa = PBXFileReference; lastKnownFileType = file.storyboard; name = Base; path = Base.lproj/Main.storyboard; sourceTree = "<group>"; };
		CA6E36CF25B38F82005863FB /* Assets.xcassets */ = {isa = PBXFileReference; lastKnownFileType = folder.assetcatalog; path = Assets.xcassets; sourceTree = "<group>"; };
		CA6E36D225B38F82005863FB /* Base */ = {isa = PBXFileReference; lastKnownFileType = file.storyboard; name = Base; path = Base.lproj/LaunchScreen.storyboard; sourceTree = "<group>"; };
		CA6E36D425B38F82005863FB /* Info.plist */ = {isa = PBXFileReference; lastKnownFileType = text.plist.xml; path = Info.plist; sourceTree = "<group>"; };
		CA6E36D925B38F82005863FB /* CucumberSwiftSampleTests.xctest */ = {isa = PBXFileReference; explicitFileType = wrapper.cfbundle; includeInIndex = 0; path = CucumberSwiftSampleTests.xctest; sourceTree = BUILT_PRODUCTS_DIR; };
		CA6E36DD25B38F82005863FB /* CucumberSwiftSampleTests.swift */ = {isa = PBXFileReference; lastKnownFileType = sourcecode.swift; path = CucumberSwiftSampleTests.swift; sourceTree = "<group>"; };
		CA6E36DF25B38F82005863FB /* Info.plist */ = {isa = PBXFileReference; lastKnownFileType = text.plist.xml; path = Info.plist; sourceTree = "<group>"; };
		CA6E36E425B38F82005863FB /* CucumberSwiftSampleUITests.xctest */ = {isa = PBXFileReference; explicitFileType = wrapper.cfbundle; includeInIndex = 0; path = CucumberSwiftSampleUITests.xctest; sourceTree = BUILT_PRODUCTS_DIR; };
		CA6E36E825B38F82005863FB /* CucumberSwiftSampleUITests.swift */ = {isa = PBXFileReference; lastKnownFileType = sourcecode.swift; path = CucumberSwiftSampleUITests.swift; sourceTree = "<group>"; };
		CA6E36EA25B38F82005863FB /* Info.plist */ = {isa = PBXFileReference; lastKnownFileType = text.plist.xml; path = Info.plist; sourceTree = "<group>"; };
		CA6E36FD25B39184005863FB /* CucumberSwift.framework */ = {isa = PBXFileReference; lastKnownFileType = wrapper.framework; name = CucumberSwift.framework; path = Carthage/Build/iOS/CucumberSwift.framework; sourceTree = "<group>"; };
		CA6E370925B391E0005863FB /* CucumberSwift.framework.dSYM */ = {isa = PBXFileReference; lastKnownFileType = wrapper.dsym; name = CucumberSwift.framework.dSYM; path = Carthage/Build/iOS/CucumberSwift.framework.dSYM; sourceTree = "<group>"; };
		CA6E373125B39431005863FB /* CucumberSwift.framework */ = {isa = PBXFileReference; lastKnownFileType = wrapper.framework; name = CucumberSwift.framework; path = Carthage/Build/iOS/CucumberSwift.framework; sourceTree = "<group>"; };
		CA6E374525B3955A005863FB /* AppFeatures */ = {isa = PBXFileReference; lastKnownFileType = folder; path = AppFeatures; sourceTree = "<group>"; };
/* End PBXFileReference section */

/* Begin PBXFrameworksBuildPhase section */
		CA6E36C025B38F81005863FB /* Frameworks */ = {
			isa = PBXFrameworksBuildPhase;
			buildActionMask = 2147483647;
			files = (
			);
			runOnlyForDeploymentPostprocessing = 0;
		};
		CA6E36D625B38F82005863FB /* Frameworks */ = {
			isa = PBXFrameworksBuildPhase;
			buildActionMask = 2147483647;
			files = (
			);
			runOnlyForDeploymentPostprocessing = 0;
		};
		CA6E36E125B38F82005863FB /* Frameworks */ = {
			isa = PBXFrameworksBuildPhase;
			buildActionMask = 2147483647;
			files = (
				CA6E373925B39501005863FB /* CucumberSwift.framework in Frameworks */,
			);
			runOnlyForDeploymentPostprocessing = 0;
		};
/* End PBXFrameworksBuildPhase section */

/* Begin PBXGroup section */
		CA6E36BA25B38F81005863FB = {
			isa = PBXGroup;
			children = (
				CA6E373125B39431005863FB /* CucumberSwift.framework */,
				CA6E36C525B38F81005863FB /* CucumberSwiftSample */,
				CA6E36DC25B38F82005863FB /* CucumberSwiftSampleTests */,
				CA6E36E725B38F82005863FB /* CucumberSwiftSampleUITests */,
				CA6E36C425B38F81005863FB /* Products */,
				CA6E36FC25B39184005863FB /* Frameworks */,
			);
			sourceTree = "<group>";
		};
		CA6E36C425B38F81005863FB /* Products */ = {
			isa = PBXGroup;
			children = (
				CA6E36C325B38F81005863FB /* CucumberSwiftSample.app */,
				CA6E36D925B38F82005863FB /* CucumberSwiftSampleTests.xctest */,
				CA6E36E425B38F82005863FB /* CucumberSwiftSampleUITests.xctest */,
			);
			name = Products;
			sourceTree = "<group>";
		};
		CA6E36C525B38F81005863FB /* CucumberSwiftSample */ = {
			isa = PBXGroup;
			children = (
				CA6E36C625B38F81005863FB /* AppDelegate.swift */,
				CA6E36C825B38F81005863FB /* SceneDelegate.swift */,
				CA6E36CA25B38F81005863FB /* ViewController.swift */,
				CA6E36CC25B38F81005863FB /* Main.storyboard */,
				CA6E36CF25B38F82005863FB /* Assets.xcassets */,
				CA6E36D125B38F82005863FB /* LaunchScreen.storyboard */,
				CA6E36D425B38F82005863FB /* Info.plist */,
			);
			path = CucumberSwiftSample;
			sourceTree = "<group>";
		};
		CA6E36DC25B38F82005863FB /* CucumberSwiftSampleTests */ = {
			isa = PBXGroup;
			children = (
				CA6E36DD25B38F82005863FB /* CucumberSwiftSampleTests.swift */,
				CA6E36DF25B38F82005863FB /* Info.plist */,
			);
			path = CucumberSwiftSampleTests;
			sourceTree = "<group>";
		};
		CA6E36E725B38F82005863FB /* CucumberSwiftSampleUITests */ = {
			isa = PBXGroup;
			children = (
				CA6E374525B3955A005863FB /* AppFeatures */,
				CA6E36E825B38F82005863FB /* CucumberSwiftSampleUITests.swift */,
				CA6E36EA25B38F82005863FB /* Info.plist */,
			);
			path = CucumberSwiftSampleUITests;
			sourceTree = "<group>";
		};
		CA6E36FC25B39184005863FB /* Frameworks */ = {
			isa = PBXGroup;
			children = (
				CA6E370925B391E0005863FB /* CucumberSwift.framework.dSYM */,
				CA6E36FD25B39184005863FB /* CucumberSwift.framework */,
			);
			name = Frameworks;
			sourceTree = "<group>";
		};
/* End PBXGroup section */

/* Begin PBXNativeTarget section */
		CA6E36C225B38F81005863FB /* CucumberSwiftSample */ = {
			isa = PBXNativeTarget;
			buildConfigurationList = CA6E36ED25B38F82005863FB /* Build configuration list for PBXNativeTarget "CucumberSwiftSample" */;
			buildPhases = (
				CA6E36BF25B38F81005863FB /* Sources */,
				CA6E36C025B38F81005863FB /* Frameworks */,
				CA6E36C125B38F81005863FB /* Resources */,
			);
			buildRules = (
			);
			dependencies = (
			);
			name = CucumberSwiftSample;
			productName = CucumberSwiftSample;
			productReference = CA6E36C325B38F81005863FB /* CucumberSwiftSample.app */;
			productType = "com.apple.product-type.application";
		};
		CA6E36D825B38F82005863FB /* CucumberSwiftSampleTests */ = {
			isa = PBXNativeTarget;
			buildConfigurationList = CA6E36F025B38F82005863FB /* Build configuration list for PBXNativeTarget "CucumberSwiftSampleTests" */;
			buildPhases = (
				CA6E36D525B38F82005863FB /* Sources */,
				CA6E36D625B38F82005863FB /* Frameworks */,
				CA6E36D725B38F82005863FB /* Resources */,
			);
			buildRules = (
			);
			dependencies = (
				CA6E36DB25B38F82005863FB /* PBXTargetDependency */,
			);
			name = CucumberSwiftSampleTests;
			productName = CucumberSwiftSampleTests;
			productReference = CA6E36D925B38F82005863FB /* CucumberSwiftSampleTests.xctest */;
			productType = "com.apple.product-type.bundle.unit-test";
		};
		CA6E36E325B38F82005863FB /* CucumberSwiftSampleUITests */ = {
			isa = PBXNativeTarget;
			buildConfigurationList = CA6E36F325B38F82005863FB /* Build configuration list for PBXNativeTarget "CucumberSwiftSampleUITests" */;
			buildPhases = (
				CA6E36E025B38F82005863FB /* Sources */,
				CA6E373025B3940B005863FB /* Copy Carthage Frameworks */,
				CA6E36E125B38F82005863FB /* Frameworks */,
				CA6E36E225B38F82005863FB /* Resources */,
			);
			buildRules = (
			);
			dependencies = (
				CA6E36E625B38F82005863FB /* PBXTargetDependency */,
			);
			name = CucumberSwiftSampleUITests;
			productName = CucumberSwiftSampleUITests;
			productReference = CA6E36E425B38F82005863FB /* CucumberSwiftSampleUITests.xctest */;
			productType = "com.apple.product-type.bundle.ui-testing";
		};
/* End PBXNativeTarget section */

/* Begin PBXProject section */
		CA6E36BB25B38F81005863FB /* Project object */ = {
			isa = PBXProject;
			attributes = {
				LastSwiftUpdateCheck = 1230;
				LastUpgradeCheck = 1230;
				TargetAttributes = {
					CA6E36C225B38F81005863FB = {
						CreatedOnToolsVersion = 12.3;
					};
					CA6E36D825B38F82005863FB = {
						CreatedOnToolsVersion = 12.3;
						TestTargetID = CA6E36C225B38F81005863FB;
					};
					CA6E36E325B38F82005863FB = {
						CreatedOnToolsVersion = 12.3;
						TestTargetID = CA6E36C225B38F81005863FB;
					};
				};
			};
			buildConfigurationList = CA6E36BE25B38F81005863FB /* Build configuration list for PBXProject "CucumberSwiftSample" */;
			compatibilityVersion = "Xcode 9.3";
			developmentRegion = en;
			hasScannedForEncodings = 0;
			knownRegions = (
				en,
				Base,
			);
			mainGroup = CA6E36BA25B38F81005863FB;
			productRefGroup = CA6E36C425B38F81005863FB /* Products */;
			projectDirPath = "";
			projectRoot = "";
			targets = (
				CA6E36C225B38F81005863FB /* CucumberSwiftSample */,
				CA6E36D825B38F82005863FB /* CucumberSwiftSampleTests */,
				CA6E36E325B38F82005863FB /* CucumberSwiftSampleUITests */,
			);
		};
/* End PBXProject section */

/* Begin PBXResourcesBuildPhase section */
		CA6E36C125B38F81005863FB /* Resources */ = {
			isa = PBXResourcesBuildPhase;
			buildActionMask = 2147483647;
			files = (
				CA6E36D325B38F82005863FB /* LaunchScreen.storyboard in Resources */,
				CA6E36D025B38F82005863FB /* Assets.xcassets in Resources */,
				CA6E36CE25B38F81005863FB /* Main.storyboard in Resources */,
			);
			runOnlyForDeploymentPostprocessing = 0;
		};
		CA6E36D725B38F82005863FB /* Resources */ = {
			isa = PBXResourcesBuildPhase;
			buildActionMask = 2147483647;
			files = (
			);
			runOnlyForDeploymentPostprocessing = 0;
		};
		CA6E36E225B38F82005863FB /* Resources */ = {
			isa = PBXResourcesBuildPhase;
			buildActionMask = 2147483647;
			files = (
				CA6E374625B3955A005863FB /* AppFeatures in Resources */,
			);
			runOnlyForDeploymentPostprocessing = 0;
		};
/* End PBXResourcesBuildPhase section */

/* Begin PBXSourcesBuildPhase section */
		CA6E36BF25B38F81005863FB /* Sources */ = {
			isa = PBXSourcesBuildPhase;
			buildActionMask = 2147483647;
			files = (
				CA6E36CB25B38F81005863FB /* ViewController.swift in Sources */,
				CA6E36C725B38F81005863FB /* AppDelegate.swift in Sources */,
				CA6E36C925B38F81005863FB /* SceneDelegate.swift in Sources */,
			);
			runOnlyForDeploymentPostprocessing = 0;
		};
		CA6E36D525B38F82005863FB /* Sources */ = {
			isa = PBXSourcesBuildPhase;
			buildActionMask = 2147483647;
			files = (
				CA6E36DE25B38F82005863FB /* CucumberSwiftSampleTests.swift in Sources */,
			);
			runOnlyForDeploymentPostprocessing = 0;
		};
		CA6E36E025B38F82005863FB /* Sources */ = {
			isa = PBXSourcesBuildPhase;
			buildActionMask = 2147483647;
			files = (
				CA6E36E925B38F82005863FB /* CucumberSwiftSampleUITests.swift in Sources */,
			);
			runOnlyForDeploymentPostprocessing = 0;
		};
/* End PBXSourcesBuildPhase section */

/* Begin PBXTargetDependency section */
		CA6E36DB25B38F82005863FB /* PBXTargetDependency */ = {
			isa = PBXTargetDependency;
			target = CA6E36C225B38F81005863FB /* CucumberSwiftSample */;
			targetProxy = CA6E36DA25B38F82005863FB /* PBXContainerItemProxy */;
		};
		CA6E36E625B38F82005863FB /* PBXTargetDependency */ = {
			isa = PBXTargetDependency;
			target = CA6E36C225B38F81005863FB /* CucumberSwiftSample */;
			targetProxy = CA6E36E525B38F82005863FB /* PBXContainerItemProxy */;
		};
/* End PBXTargetDependency section */

/* Begin PBXVariantGroup section */
		CA6E36CC25B38F81005863FB /* Main.storyboard */ = {
			isa = PBXVariantGroup;
			children = (
				CA6E36CD25B38F81005863FB /* Base */,
			);
			name = Main.storyboard;
			sourceTree = "<group>";
		};
		CA6E36D125B38F82005863FB /* LaunchScreen.storyboard */ = {
			isa = PBXVariantGroup;
			children = (
				CA6E36D225B38F82005863FB /* Base */,
			);
			name = LaunchScreen.storyboard;
			sourceTree = "<group>";
		};
/* End PBXVariantGroup section */

/* Begin XCBuildConfiguration section */
		CA6E36EB25B38F82005863FB /* Debug */ = {
			isa = XCBuildConfiguration;
			buildSettings = {
				ALWAYS_SEARCH_USER_PATHS = NO;
				CLANG_ANALYZER_NONNULL = YES;
				CLANG_ANALYZER_NUMBER_OBJECT_CONVERSION = YES_AGGRESSIVE;
				CLANG_CXX_LANGUAGE_STANDARD = "gnu++14";
				CLANG_CXX_LIBRARY = "libc++";
				CLANG_ENABLE_MODULES = YES;
				CLANG_ENABLE_OBJC_ARC = YES;
				CLANG_ENABLE_OBJC_WEAK = YES;
				CLANG_WARN_BLOCK_CAPTURE_AUTORELEASING = YES;
				CLANG_WARN_BOOL_CONVERSION = YES;
				CLANG_WARN_COMMA = YES;
				CLANG_WARN_CONSTANT_CONVERSION = YES;
				CLANG_WARN_DEPRECATED_OBJC_IMPLEMENTATIONS = YES;
				CLANG_WARN_DIRECT_OBJC_ISA_USAGE = YES_ERROR;
				CLANG_WARN_DOCUMENTATION_COMMENTS = YES;
				CLANG_WARN_EMPTY_BODY = YES;
				CLANG_WARN_ENUM_CONVERSION = YES;
				CLANG_WARN_INFINITE_RECURSION = YES;
				CLANG_WARN_INT_CONVERSION = YES;
				CLANG_WARN_NON_LITERAL_NULL_CONVERSION = YES;
				CLANG_WARN_OBJC_IMPLICIT_RETAIN_SELF = YES;
				CLANG_WARN_OBJC_LITERAL_CONVERSION = YES;
				CLANG_WARN_OBJC_ROOT_CLASS = YES_ERROR;
				CLANG_WARN_QUOTED_INCLUDE_IN_FRAMEWORK_HEADER = YES;
				CLANG_WARN_RANGE_LOOP_ANALYSIS = YES;
				CLANG_WARN_STRICT_PROTOTYPES = YES;
				CLANG_WARN_SUSPICIOUS_MOVE = YES;
				CLANG_WARN_UNGUARDED_AVAILABILITY = YES_AGGRESSIVE;
				CLANG_WARN_UNREACHABLE_CODE = YES;
				CLANG_WARN__DUPLICATE_METHOD_MATCH = YES;
				COPY_PHASE_STRIP = NO;
				DEBUG_INFORMATION_FORMAT = dwarf;
				ENABLE_STRICT_OBJC_MSGSEND = YES;
				ENABLE_TESTABILITY = YES;
				GCC_C_LANGUAGE_STANDARD = gnu11;
				GCC_DYNAMIC_NO_PIC = NO;
				GCC_NO_COMMON_BLOCKS = YES;
				GCC_OPTIMIZATION_LEVEL = 0;
				GCC_PREPROCESSOR_DEFINITIONS = (
					"DEBUG=1",
					"$(inherited)",
				);
				GCC_WARN_64_TO_32_BIT_CONVERSION = YES;
				GCC_WARN_ABOUT_RETURN_TYPE = YES_ERROR;
				GCC_WARN_UNDECLARED_SELECTOR = YES;
				GCC_WARN_UNINITIALIZED_AUTOS = YES_AGGRESSIVE;
				GCC_WARN_UNUSED_FUNCTION = YES;
				GCC_WARN_UNUSED_VARIABLE = YES;
				IPHONEOS_DEPLOYMENT_TARGET = 14.3;
				MTL_ENABLE_DEBUG_INFO = INCLUDE_SOURCE;
				MTL_FAST_MATH = YES;
				ONLY_ACTIVE_ARCH = YES;
				SDKROOT = iphoneos;
				SWIFT_ACTIVE_COMPILATION_CONDITIONS = DEBUG;
				SWIFT_OPTIMIZATION_LEVEL = "-Onone";
			};
			name = Debug;
		};
		CA6E36EC25B38F82005863FB /* Release */ = {
			isa = XCBuildConfiguration;
			buildSettings = {
				ALWAYS_SEARCH_USER_PATHS = NO;
				CLANG_ANALYZER_NONNULL = YES;
				CLANG_ANALYZER_NUMBER_OBJECT_CONVERSION = YES_AGGRESSIVE;
				CLANG_CXX_LANGUAGE_STANDARD = "gnu++14";
				CLANG_CXX_LIBRARY = "libc++";
				CLANG_ENABLE_MODULES = YES;
				CLANG_ENABLE_OBJC_ARC = YES;
				CLANG_ENABLE_OBJC_WEAK = YES;
				CLANG_WARN_BLOCK_CAPTURE_AUTORELEASING = YES;
				CLANG_WARN_BOOL_CONVERSION = YES;
				CLANG_WARN_COMMA = YES;
				CLANG_WARN_CONSTANT_CONVERSION = YES;
				CLANG_WARN_DEPRECATED_OBJC_IMPLEMENTATIONS = YES;
				CLANG_WARN_DIRECT_OBJC_ISA_USAGE = YES_ERROR;
				CLANG_WARN_DOCUMENTATION_COMMENTS = YES;
				CLANG_WARN_EMPTY_BODY = YES;
				CLANG_WARN_ENUM_CONVERSION = YES;
				CLANG_WARN_INFINITE_RECURSION = YES;
				CLANG_WARN_INT_CONVERSION = YES;
				CLANG_WARN_NON_LITERAL_NULL_CONVERSION = YES;
				CLANG_WARN_OBJC_IMPLICIT_RETAIN_SELF = YES;
				CLANG_WARN_OBJC_LITERAL_CONVERSION = YES;
				CLANG_WARN_OBJC_ROOT_CLASS = YES_ERROR;
				CLANG_WARN_QUOTED_INCLUDE_IN_FRAMEWORK_HEADER = YES;
				CLANG_WARN_RANGE_LOOP_ANALYSIS = YES;
				CLANG_WARN_STRICT_PROTOTYPES = YES;
				CLANG_WARN_SUSPICIOUS_MOVE = YES;
				CLANG_WARN_UNGUARDED_AVAILABILITY = YES_AGGRESSIVE;
				CLANG_WARN_UNREACHABLE_CODE = YES;
				CLANG_WARN__DUPLICATE_METHOD_MATCH = YES;
				COPY_PHASE_STRIP = NO;
				DEBUG_INFORMATION_FORMAT = "dwarf-with-dsym";
				ENABLE_NS_ASSERTIONS = NO;
				ENABLE_STRICT_OBJC_MSGSEND = YES;
				GCC_C_LANGUAGE_STANDARD = gnu11;
				GCC_NO_COMMON_BLOCKS = YES;
				GCC_WARN_64_TO_32_BIT_CONVERSION = YES;
				GCC_WARN_ABOUT_RETURN_TYPE = YES_ERROR;
				GCC_WARN_UNDECLARED_SELECTOR = YES;
				GCC_WARN_UNINITIALIZED_AUTOS = YES_AGGRESSIVE;
				GCC_WARN_UNUSED_FUNCTION = YES;
				GCC_WARN_UNUSED_VARIABLE = YES;
				IPHONEOS_DEPLOYMENT_TARGET = 14.3;
				MTL_ENABLE_DEBUG_INFO = NO;
				MTL_FAST_MATH = YES;
				SDKROOT = iphoneos;
				SWIFT_COMPILATION_MODE = wholemodule;
				SWIFT_OPTIMIZATION_LEVEL = "-O";
				VALIDATE_PRODUCT = YES;
			};
			name = Release;
		};
		CA6E36EE25B38F82005863FB /* Debug */ = {
			isa = XCBuildConfiguration;
			buildSettings = {
				ASSETCATALOG_COMPILER_APPICON_NAME = AppIcon;
				ASSETCATALOG_COMPILER_GLOBAL_ACCENT_COLOR_NAME = AccentColor;
				CODE_SIGN_STYLE = Automatic;
				DEVELOPMENT_TEAM = 9CUJHB48U6;
				INFOPLIST_FILE = CucumberSwiftSample/Info.plist;
				LD_RUNPATH_SEARCH_PATHS = (
					"$(inherited)",
					"@executable_path/Frameworks",
				);
				PRODUCT_BUNDLE_IDENTIFIER = TT.CucumberSwiftSample;
				PRODUCT_NAME = "$(TARGET_NAME)";
				SWIFT_VERSION = 5.0;
				TARGETED_DEVICE_FAMILY = "1,2";
			};
			name = Debug;
		};
		CA6E36EF25B38F82005863FB /* Release */ = {
			isa = XCBuildConfiguration;
			buildSettings = {
				ASSETCATALOG_COMPILER_APPICON_NAME = AppIcon;
				ASSETCATALOG_COMPILER_GLOBAL_ACCENT_COLOR_NAME = AccentColor;
				CODE_SIGN_STYLE = Automatic;
				DEVELOPMENT_TEAM = 9CUJHB48U6;
				INFOPLIST_FILE = CucumberSwiftSample/Info.plist;
				LD_RUNPATH_SEARCH_PATHS = (
					"$(inherited)",
					"@executable_path/Frameworks",
				);
				PRODUCT_BUNDLE_IDENTIFIER = TT.CucumberSwiftSample;
				PRODUCT_NAME = "$(TARGET_NAME)";
				SWIFT_VERSION = 5.0;
				TARGETED_DEVICE_FAMILY = "1,2";
			};
			name = Release;
		};
		CA6E36F125B38F82005863FB /* Debug */ = {
			isa = XCBuildConfiguration;
			buildSettings = {
				ALWAYS_EMBED_SWIFT_STANDARD_LIBRARIES = YES;
				BUNDLE_LOADER = "$(TEST_HOST)";
				CODE_SIGN_STYLE = Automatic;
				DEVELOPMENT_TEAM = 9CUJHB48U6;
				INFOPLIST_FILE = CucumberSwiftSampleTests/Info.plist;
				IPHONEOS_DEPLOYMENT_TARGET = 14.3;
				LD_RUNPATH_SEARCH_PATHS = (
					"$(inherited)",
					"@executable_path/Frameworks",
					"@loader_path/Frameworks",
				);
				PRODUCT_BUNDLE_IDENTIFIER = TT.CucumberSwiftSampleTests;
				PRODUCT_NAME = "$(TARGET_NAME)";
				SWIFT_VERSION = 5.0;
				TARGETED_DEVICE_FAMILY = "1,2";
				TEST_HOST = "$(BUILT_PRODUCTS_DIR)/CucumberSwiftSample.app/CucumberSwiftSample";
			};
			name = Debug;
		};
		CA6E36F225B38F82005863FB /* Release */ = {
			isa = XCBuildConfiguration;
			buildSettings = {
				ALWAYS_EMBED_SWIFT_STANDARD_LIBRARIES = YES;
				BUNDLE_LOADER = "$(TEST_HOST)";
				CODE_SIGN_STYLE = Automatic;
				DEVELOPMENT_TEAM = 9CUJHB48U6;
				INFOPLIST_FILE = CucumberSwiftSampleTests/Info.plist;
				IPHONEOS_DEPLOYMENT_TARGET = 14.3;
				LD_RUNPATH_SEARCH_PATHS = (
					"$(inherited)",
					"@executable_path/Frameworks",
					"@loader_path/Frameworks",
				);
				PRODUCT_BUNDLE_IDENTIFIER = TT.CucumberSwiftSampleTests;
				PRODUCT_NAME = "$(TARGET_NAME)";
				SWIFT_VERSION = 5.0;
				TARGETED_DEVICE_FAMILY = "1,2";
				TEST_HOST = "$(BUILT_PRODUCTS_DIR)/CucumberSwiftSample.app/CucumberSwiftSample";
			};
			name = Release;
		};
		CA6E36F425B38F82005863FB /* Debug */ = {
			isa = XCBuildConfiguration;
			buildSettings = {
				ALWAYS_EMBED_SWIFT_STANDARD_LIBRARIES = YES;
				CODE_SIGN_STYLE = Automatic;
				DEVELOPMENT_TEAM = 9CUJHB48U6;
				FRAMEWORK_SEARCH_PATHS = (
					"$(inherited)",
					"$(PROJECT_DIR)/Carthage/Build/iOS",
				);
				INFOPLIST_FILE = CucumberSwiftSampleUITests/Info.plist;
				LD_RUNPATH_SEARCH_PATHS = (
					"$(inherited)",
					"@executable_path/Frameworks",
					"@loader_path/Frameworks",
				);
				PRODUCT_BUNDLE_IDENTIFIER = TT.CucumberSwiftSampleUITests;
				PRODUCT_NAME = "$(TARGET_NAME)";
				SWIFT_VERSION = 5.0;
				TARGETED_DEVICE_FAMILY = "1,2";
				TEST_TARGET_NAME = CucumberSwiftSample;
				VALIDATE_WORKSPACE = YES;
			};
			name = Debug;
		};
		CA6E36F525B38F82005863FB /* Release */ = {
			isa = XCBuildConfiguration;
			buildSettings = {
				ALWAYS_EMBED_SWIFT_STANDARD_LIBRARIES = YES;
				CODE_SIGN_STYLE = Automatic;
				DEVELOPMENT_TEAM = 9CUJHB48U6;
				FRAMEWORK_SEARCH_PATHS = (
					"$(inherited)",
					"$(PROJECT_DIR)/Carthage/Build/iOS",
				);
				INFOPLIST_FILE = CucumberSwiftSampleUITests/Info.plist;
				LD_RUNPATH_SEARCH_PATHS = (
					"$(inherited)",
					"@executable_path/Frameworks",
					"@loader_path/Frameworks",
				);
				PRODUCT_BUNDLE_IDENTIFIER = TT.CucumberSwiftSampleUITests;
				PRODUCT_NAME = "$(TARGET_NAME)";
				SWIFT_VERSION = 5.0;
				TARGETED_DEVICE_FAMILY = "1,2";
				TEST_TARGET_NAME = CucumberSwiftSample;
				VALIDATE_WORKSPACE = YES;
			};
			name = Release;
		};
/* End XCBuildConfiguration section */

/* Begin XCConfigurationList section */
		CA6E36BE25B38F81005863FB /* Build configuration list for PBXProject "CucumberSwiftSample" */ = {
			isa = XCConfigurationList;
			buildConfigurations = (
				CA6E36EB25B38F82005863FB /* Debug */,
				CA6E36EC25B38F82005863FB /* Release */,
			);
			defaultConfigurationIsVisible = 0;
			defaultConfigurationName = Release;
		};
		CA6E36ED25B38F82005863FB /* Build configuration list for PBXNativeTarget "CucumberSwiftSample" */ = {
			isa = XCConfigurationList;
			buildConfigurations = (
				CA6E36EE25B38F82005863FB /* Debug */,
				CA6E36EF25B38F82005863FB /* Release */,
			);
			defaultConfigurationIsVisible = 0;
			defaultConfigurationName = Release;
		};
		CA6E36F025B38F82005863FB /* Build configuration list for PBXNativeTarget "CucumberSwiftSampleTests" */ = {
			isa = XCConfigurationList;
			buildConfigurations = (
				CA6E36F125B38F82005863FB /* Debug */,
				CA6E36F225B38F82005863FB /* Release */,
			);
			defaultConfigurationIsVisible = 0;
			defaultConfigurationName = Release;
		};
		CA6E36F325B38F82005863FB /* Build configuration list for PBXNativeTarget "CucumberSwiftSampleUITests" */ = {
			isa = XCConfigurationList;
			buildConfigurations = (
				CA6E36F425B38F82005863FB /* Debug */,
				CA6E36F525B38F82005863FB /* Release */,
			);
			defaultConfigurationIsVisible = 0;
			defaultConfigurationName = Release;
		};
/* End XCConfigurationList section */
	};
	rootObject = CA6E36BB25B38F81005863FB /* Project object */;
}
