// !$*UTF8*$!
{
	archiveVersion = 1;
	classes = {
	};
	objectVersion = 51;
	objects = {

/* Begin PBXBuildFile section */
		007CE951276AEDEFE03A7E98 /* Pods_CucumberSwiftSample.framework in Frameworks */ = {isa = PBXBuildFile; fileRef = 4D77989836B37ED28D1D6176 /* Pods_CucumberSwiftSample.framework */; };
		2532D842459C7C104265C03C /* Pods_CucumberSwiftSample_CucumberSwiftSampleUITests.framework in Frameworks */ = {isa = PBXBuildFile; fileRef = D411EF482C46CB865C11E64F /* Pods_CucumberSwiftSample_CucumberSwiftSampleUITests.framework */; };
		ADEBDD81CFF9A83BA4D051DC /* Pods_CucumberSwiftSampleTests.framework in Frameworks */ = {isa = PBXBuildFile; fileRef = AF46905879D8F4C4F5C51274 /* Pods_CucumberSwiftSampleTests.framework */; };
		CA6E365C25B35E4A005863FB /* AppFeatures in Resources */ = {isa = PBXBuildFile; fileRef = CA6E365B25B35E4A005863FB /* AppFeatures */; };
		CAE8717D25B35A20007CCC91 /* AppDelegate.swift in Sources */ = {isa = PBXBuildFile; fileRef = CAE8717C25B35A20007CCC91 /* AppDelegate.swift */; };
		CAE8717F25B35A20007CCC91 /* SceneDelegate.swift in Sources */ = {isa = PBXBuildFile; fileRef = CAE8717E25B35A20007CCC91 /* SceneDelegate.swift */; };
		CAE8718125B35A20007CCC91 /* ViewController.swift in Sources */ = {isa = PBXBuildFile; fileRef = CAE8718025B35A20007CCC91 /* ViewController.swift */; };
		CAE8718425B35A20007CCC91 /* Main.storyboard in Resources */ = {isa = PBXBuildFile; fileRef = CAE8718225B35A20007CCC91 /* Main.storyboard */; };
		CAE8718625B35A21007CCC91 /* Assets.xcassets in Resources */ = {isa = PBXBuildFile; fileRef = CAE8718525B35A21007CCC91 /* Assets.xcassets */; };
		CAE8718925B35A21007CCC91 /* LaunchScreen.storyboard in Resources */ = {isa = PBXBuildFile; fileRef = CAE8718725B35A21007CCC91 /* LaunchScreen.storyboard */; };
		CAE8719425B35A21007CCC91 /* CucumberSwiftSampleTests.swift in Sources */ = {isa = PBXBuildFile; fileRef = CAE8719325B35A21007CCC91 /* CucumberSwiftSampleTests.swift */; };
		CAE8719F25B35A21007CCC91 /* CucumberSwiftSampleUITests.swift in Sources */ = {isa = PBXBuildFile; fileRef = CAE8719E25B35A21007CCC91 /* CucumberSwiftSampleUITests.swift */; };
/* End PBXBuildFile section */

/* Begin PBXContainerItemProxy section */
		CAE8719025B35A21007CCC91 /* PBXContainerItemProxy */ = {
			isa = PBXContainerItemProxy;
			containerPortal = CAE8717125B35A20007CCC91 /* Project object */;
			proxyType = 1;
			remoteGlobalIDString = CAE8717825B35A20007CCC91;
			remoteInfo = CucumberSwiftSample;
		};
		CAE8719B25B35A21007CCC91 /* PBXContainerItemProxy */ = {
			isa = PBXContainerItemProxy;
			containerPortal = CAE8717125B35A20007CCC91 /* Project object */;
			proxyType = 1;
			remoteGlobalIDString = CAE8717825B35A20007CCC91;
			remoteInfo = CucumberSwiftSample;
		};
/* End PBXContainerItemProxy section */

/* Begin PBXFileReference section */
		2ECAFD1290FBA455391A3CC5 /* Pods-CucumberSwiftSample.release.xcconfig */ = {isa = PBXFileReference; includeInIndex = 1; lastKnownFileType = text.xcconfig; name = "Pods-CucumberSwiftSample.release.xcconfig"; path = "Target Support Files/Pods-CucumberSwiftSample/Pods-CucumberSwiftSample.release.xcconfig"; sourceTree = "<group>"; };
		36A8ADB0FA5A978BEA1B4970 /* Pods-CucumberSwiftSample.debug.xcconfig */ = {isa = PBXFileReference; includeInIndex = 1; lastKnownFileType = text.xcconfig; name = "Pods-CucumberSwiftSample.debug.xcconfig"; path = "Target Support Files/Pods-CucumberSwiftSample/Pods-CucumberSwiftSample.debug.xcconfig"; sourceTree = "<group>"; };
		4A50FBDD181991248E01DB1B /* Pods-CucumberSwiftSample-CucumberSwiftSampleUITests.debug.xcconfig */ = {isa = PBXFileReference; includeInIndex = 1; lastKnownFileType = text.xcconfig; name = "Pods-CucumberSwiftSample-CucumberSwiftSampleUITests.debug.xcconfig"; path = "Target Support Files/Pods-CucumberSwiftSample-CucumberSwiftSampleUITests/Pods-CucumberSwiftSample-CucumberSwiftSampleUITests.debug.xcconfig"; sourceTree = "<group>"; };
		4D77989836B37ED28D1D6176 /* Pods_CucumberSwiftSample.framework */ = {isa = PBXFileReference; explicitFileType = wrapper.framework; includeInIndex = 0; path = Pods_CucumberSwiftSample.framework; sourceTree = BUILT_PRODUCTS_DIR; };
		AF46905879D8F4C4F5C51274 /* Pods_CucumberSwiftSampleTests.framework */ = {isa = PBXFileReference; explicitFileType = wrapper.framework; includeInIndex = 0; path = Pods_CucumberSwiftSampleTests.framework; sourceTree = BUILT_PRODUCTS_DIR; };
		B398C3B61A8B9936B66B237C /* Pods-CucumberSwiftSample-CucumberSwiftSampleUITests.release.xcconfig */ = {isa = PBXFileReference; includeInIndex = 1; lastKnownFileType = text.xcconfig; name = "Pods-CucumberSwiftSample-CucumberSwiftSampleUITests.release.xcconfig"; path = "Target Support Files/Pods-CucumberSwiftSample-CucumberSwiftSampleUITests/Pods-CucumberSwiftSample-CucumberSwiftSampleUITests.release.xcconfig"; sourceTree = "<group>"; };
		CA6E365B25B35E4A005863FB /* AppFeatures */ = {isa = PBXFileReference; lastKnownFileType = folder; path = AppFeatures; sourceTree = "<group>"; };
		CAE8717925B35A20007CCC91 /* CucumberSwiftSample.app */ = {isa = PBXFileReference; explicitFileType = wrapper.application; includeInIndex = 0; path = CucumberSwiftSample.app; sourceTree = BUILT_PRODUCTS_DIR; };
		CAE8717C25B35A20007CCC91 /* AppDelegate.swift */ = {isa = PBXFileReference; lastKnownFileType = sourcecode.swift; path = AppDelegate.swift; sourceTree = "<group>"; };
		CAE8717E25B35A20007CCC91 /* SceneDelegate.swift */ = {isa = PBXFileReference; lastKnownFileType = sourcecode.swift; path = SceneDelegate.swift; sourceTree = "<group>"; };
		CAE8718025B35A20007CCC91 /* ViewController.swift */ = {isa = PBXFileReference; lastKnownFileType = sourcecode.swift; path = ViewController.swift; sourceTree = "<group>"; };
		CAE8718325B35A20007CCC91 /* Base */ = {isa = PBXFileReference; lastKnownFileType = file.storyboard; name = Base; path = Base.lproj/Main.storyboard; sourceTree = "<group>"; };
		CAE8718525B35A21007CCC91 /* Assets.xcassets */ = {isa = PBXFileReference; lastKnownFileType = folder.assetcatalog; path = Assets.xcassets; sourceTree = "<group>"; };
		CAE8718825B35A21007CCC91 /* Base */ = {isa = PBXFileReference; lastKnownFileType = file.storyboard; name = Base; path = Base.lproj/LaunchScreen.storyboard; sourceTree = "<group>"; };
		CAE8718A25B35A21007CCC91 /* Info.plist */ = {isa = PBXFileReference; lastKnownFileType = text.plist.xml; path = Info.plist; sourceTree = "<group>"; };
		CAE8718F25B35A21007CCC91 /* CucumberSwiftSampleTests.xctest */ = {isa = PBXFileReference; explicitFileType = wrapper.cfbundle; includeInIndex = 0; path = CucumberSwiftSampleTests.xctest; sourceTree = BUILT_PRODUCTS_DIR; };
		CAE8719325B35A21007CCC91 /* CucumberSwiftSampleTests.swift */ = {isa = PBXFileReference; lastKnownFileType = sourcecode.swift; path = CucumberSwiftSampleTests.swift; sourceTree = "<group>"; };
		CAE8719525B35A21007CCC91 /* Info.plist */ = {isa = PBXFileReference; lastKnownFileType = text.plist.xml; path = Info.plist; sourceTree = "<group>"; };
		CAE8719A25B35A21007CCC91 /* CucumberSwiftSampleUITests.xctest */ = {isa = PBXFileReference; explicitFileType = wrapper.cfbundle; includeInIndex = 0; path = CucumberSwiftSampleUITests.xctest; sourceTree = BUILT_PRODUCTS_DIR; };
		CAE8719E25B35A21007CCC91 /* CucumberSwiftSampleUITests.swift */ = {isa = PBXFileReference; lastKnownFileType = sourcecode.swift; path = CucumberSwiftSampleUITests.swift; sourceTree = "<group>"; };
		CAE871A025B35A21007CCC91 /* Info.plist */ = {isa = PBXFileReference; lastKnownFileType = text.plist.xml; path = Info.plist; sourceTree = "<group>"; };
		D411EF482C46CB865C11E64F /* Pods_CucumberSwiftSample_CucumberSwiftSampleUITests.framework */ = {isa = PBXFileReference; explicitFileType = wrapper.framework; includeInIndex = 0; path = Pods_CucumberSwiftSample_CucumberSwiftSampleUITests.framework; sourceTree = BUILT_PRODUCTS_DIR; };
		D5459B3144DBE50CF20807D9 /* Pods-CucumberSwiftSampleTests.debug.xcconfig */ = {isa = PBXFileReference; includeInIndex = 1; lastKnownFileType = text.xcconfig; name = "Pods-CucumberSwiftSampleTests.debug.xcconfig"; path = "Target Support Files/Pods-CucumberSwiftSampleTests/Pods-CucumberSwiftSampleTests.debug.xcconfig"; sourceTree = "<group>"; };
		F7ABADED93ECAE740C1B0F58 /* Pods-CucumberSwiftSampleTests.release.xcconfig */ = {isa = PBXFileReference; includeInIndex = 1; lastKnownFileType = text.xcconfig; name = "Pods-CucumberSwiftSampleTests.release.xcconfig"; path = "Target Support Files/Pods-CucumberSwiftSampleTests/Pods-CucumberSwiftSampleTests.release.xcconfig"; sourceTree = "<group>"; };
/* End PBXFileReference section */

/* Begin PBXFrameworksBuildPhase section */
		CAE8717625B35A20007CCC91 /* Frameworks */ = {
			isa = PBXFrameworksBuildPhase;
			buildActionMask = 2147483647;
			files = (
				007CE951276AEDEFE03A7E98 /* Pods_CucumberSwiftSample.framework in Frameworks */,
			);
			runOnlyForDeploymentPostprocessing = 0;
		};
		CAE8718C25B35A21007CCC91 /* Frameworks */ = {
			isa = PBXFrameworksBuildPhase;
			buildActionMask = 2147483647;
			files = (
				ADEBDD81CFF9A83BA4D051DC /* Pods_CucumberSwiftSampleTests.framework in Frameworks */,
			);
			runOnlyForDeploymentPostprocessing = 0;
		};
		CAE8719725B35A21007CCC91 /* Frameworks */ = {
			isa = PBXFrameworksBuildPhase;
			buildActionMask = 2147483647;
			files = (
				2532D842459C7C104265C03C /* Pods_CucumberSwiftSample_CucumberSwiftSampleUITests.framework in Frameworks */,
			);
			runOnlyForDeploymentPostprocessing = 0;
		};
/* End PBXFrameworksBuildPhase section */

/* Begin PBXGroup section */
		11BA32F02E541B15E21948E2 /* Pods */ = {
			isa = PBXGroup;
			children = (
				36A8ADB0FA5A978BEA1B4970 /* Pods-CucumberSwiftSample.debug.xcconfig */,
				2ECAFD1290FBA455391A3CC5 /* Pods-CucumberSwiftSample.release.xcconfig */,
				4A50FBDD181991248E01DB1B /* Pods-CucumberSwiftSample-CucumberSwiftSampleUITests.debug.xcconfig */,
				B398C3B61A8B9936B66B237C /* Pods-CucumberSwiftSample-CucumberSwiftSampleUITests.release.xcconfig */,
				D5459B3144DBE50CF20807D9 /* Pods-CucumberSwiftSampleTests.debug.xcconfig */,
				F7ABADED93ECAE740C1B0F58 /* Pods-CucumberSwiftSampleTests.release.xcconfig */,
			);
			path = Pods;
			sourceTree = "<group>";
		};
		AC587652B660747F517FF054 /* Frameworks */ = {
			isa = PBXGroup;
			children = (
				4D77989836B37ED28D1D6176 /* Pods_CucumberSwiftSample.framework */,
				D411EF482C46CB865C11E64F /* Pods_CucumberSwiftSample_CucumberSwiftSampleUITests.framework */,
				AF46905879D8F4C4F5C51274 /* Pods_CucumberSwiftSampleTests.framework */,
			);
			name = Frameworks;
			sourceTree = "<group>";
		};
		CAE8717025B35A20007CCC91 = {
			isa = PBXGroup;
			children = (
				CAE8717B25B35A20007CCC91 /* CucumberSwiftSample */,
				CAE8719225B35A21007CCC91 /* CucumberSwiftSampleTests */,
				CAE8719D25B35A21007CCC91 /* CucumberSwiftSampleUITests */,
				CAE8717A25B35A20007CCC91 /* Products */,
				11BA32F02E541B15E21948E2 /* Pods */,
				AC587652B660747F517FF054 /* Frameworks */,
			);
			sourceTree = "<group>";
		};
		CAE8717A25B35A20007CCC91 /* Products */ = {
			isa = PBXGroup;
			children = (
				CAE8717925B35A20007CCC91 /* CucumberSwiftSample.app */,
				CAE8718F25B35A21007CCC91 /* CucumberSwiftSampleTests.xctest */,
				CAE8719A25B35A21007CCC91 /* CucumberSwiftSampleUITests.xctest */,
			);
			name = Products;
			sourceTree = "<group>";
		};
		CAE8717B25B35A20007CCC91 /* CucumberSwiftSample */ = {
			isa = PBXGroup;
			children = (
				CAE8717C25B35A20007CCC91 /* AppDelegate.swift */,
				CAE8717E25B35A20007CCC91 /* SceneDelegate.swift */,
				CAE8718025B35A20007CCC91 /* ViewController.swift */,
				CAE8718225B35A20007CCC91 /* Main.storyboard */,
				CAE8718525B35A21007CCC91 /* Assets.xcassets */,
				CAE8718725B35A21007CCC91 /* LaunchScreen.storyboard */,
				CAE8718A25B35A21007CCC91 /* Info.plist */,
			);
			path = CucumberSwiftSample;
			sourceTree = "<group>";
		};
		CAE8719225B35A21007CCC91 /* CucumberSwiftSampleTests */ = {
			isa = PBXGroup;
			children = (
				CAE8719325B35A21007CCC91 /* CucumberSwiftSampleTests.swift */,
				CAE8719525B35A21007CCC91 /* Info.plist */,
			);
			path = CucumberSwiftSampleTests;
			sourceTree = "<group>";
		};
		CAE8719D25B35A21007CCC91 /* CucumberSwiftSampleUITests */ = {
			isa = PBXGroup;
			children = (
				CA6E365B25B35E4A005863FB /* AppFeatures */,
				CAE8719E25B35A21007CCC91 /* CucumberSwiftSampleUITests.swift */,
				CAE871A025B35A21007CCC91 /* Info.plist */,
			);
			path = CucumberSwiftSampleUITests;
			sourceTree = "<group>";
		};
/* End PBXGroup section */

/* Begin PBXNativeTarget section */
		CAE8717825B35A20007CCC91 /* CucumberSwiftSample */ = {
			isa = PBXNativeTarget;
			buildConfigurationList = CAE871A325B35A21007CCC91 /* Build configuration list for PBXNativeTarget "CucumberSwiftSample" */;
			buildPhases = (
				70E64B6D16926C477090F619 /* [CP] Check Pods Manifest.lock */,
				CAE8717525B35A20007CCC91 /* Sources */,
				CAE8717625B35A20007CCC91 /* Frameworks */,
				CAE8717725B35A20007CCC91 /* Resources */,
			);
			buildRules = (
			);
			dependencies = (
			);
			name = CucumberSwiftSample;
			productName = CucumberSwiftSample;
			productReference = CAE8717925B35A20007CCC91 /* CucumberSwiftSample.app */;
			productType = "com.apple.product-type.application";
		};
		CAE8718E25B35A21007CCC91 /* CucumberSwiftSampleTests */ = {
			isa = PBXNativeTarget;
			buildConfigurationList = CAE871A625B35A21007CCC91 /* Build configuration list for PBXNativeTarget "CucumberSwiftSampleTests" */;
			buildPhases = (
				710E6D2EDAA99C5122A2A70A /* [CP] Check Pods Manifest.lock */,
				CAE8718B25B35A21007CCC91 /* Sources */,
				CAE8718C25B35A21007CCC91 /* Frameworks */,
				CAE8718D25B35A21007CCC91 /* Resources */,
			);
			buildRules = (
			);
			dependencies = (
				CAE8719125B35A21007CCC91 /* PBXTargetDependency */,
			);
			name = CucumberSwiftSampleTests;
			productName = CucumberSwiftSampleTests;
			productReference = CAE8718F25B35A21007CCC91 /* CucumberSwiftSampleTests.xctest */;
			productType = "com.apple.product-type.bundle.unit-test";
		};
		CAE8719925B35A21007CCC91 /* CucumberSwiftSampleUITests */ = {
			isa = PBXNativeTarget;
			buildConfigurationList = CAE871A925B35A21007CCC91 /* Build configuration list for PBXNativeTarget "CucumberSwiftSampleUITests" */;
			buildPhases = (
				C7F88A4AE49F8E8688730956 /* [CP] Check Pods Manifest.lock */,
				CAE8719625B35A21007CCC91 /* Sources */,
				CAE8719725B35A21007CCC91 /* Frameworks */,
				CAE8719825B35A21007CCC91 /* Resources */,
				DA22BDDF510FE9ED05FFDA6F /* [CP] Embed Pods Frameworks */,
			);
			buildRules = (
			);
			dependencies = (
				CAE8719C25B35A21007CCC91 /* PBXTargetDependency */,
			);
			name = CucumberSwiftSampleUITests;
			productName = CucumberSwiftSampleUITests;
			productReference = CAE8719A25B35A21007CCC91 /* CucumberSwiftSampleUITests.xctest */;
			productType = "com.apple.product-type.bundle.ui-testing";
		};
/* End PBXNativeTarget section */

/* Begin PBXProject section */
		CAE8717125B35A20007CCC91 /* Project object */ = {
			isa = PBXProject;
			attributes = {
				LastSwiftUpdateCheck = 1230;
				LastUpgradeCheck = 1230;
				TargetAttributes = {
					CAE8717825B35A20007CCC91 = {
						CreatedOnToolsVersion = 12.3;
					};
					CAE8718E25B35A21007CCC91 = {
						CreatedOnToolsVersion = 12.3;
						TestTargetID = CAE8717825B35A20007CCC91;
					};
					CAE8719925B35A21007CCC91 = {
						CreatedOnToolsVersion = 12.3;
						TestTargetID = CAE8717825B35A20007CCC91;
					};
				};
			};
			buildConfigurationList = CAE8717425B35A20007CCC91 /* Build configuration list for PBXProject "CucumberSwiftSample" */;
			compatibilityVersion = "Xcode 9.3";
			developmentRegion = en;
			hasScannedForEncodings = 0;
			knownRegions = (
				en,
				Base,
			);
			mainGroup = CAE8717025B35A20007CCC91;
			productRefGroup = CAE8717A25B35A20007CCC91 /* Products */;
			projectDirPath = "";
			projectRoot = "";
			targets = (
				CAE8717825B35A20007CCC91 /* CucumberSwiftSample */,
				CAE8718E25B35A21007CCC91 /* CucumberSwiftSampleTests */,
				CAE8719925B35A21007CCC91 /* CucumberSwiftSampleUITests */,
			);
		};
/* End PBXProject section */

/* Begin PBXResourcesBuildPhase section */
		CAE8717725B35A20007CCC91 /* Resources */ = {
			isa = PBXResourcesBuildPhase;
			buildActionMask = 2147483647;
			files = (
				CAE8718925B35A21007CCC91 /* LaunchScreen.storyboard in Resources */,
				CAE8718625B35A21007CCC91 /* Assets.xcassets in Resources */,
				CAE8718425B35A20007CCC91 /* Main.storyboard in Resources */,
			);
			runOnlyForDeploymentPostprocessing = 0;
		};
		CAE8718D25B35A21007CCC91 /* Resources */ = {
			isa = PBXResourcesBuildPhase;
			buildActionMask = 2147483647;
			files = (
			);
			runOnlyForDeploymentPostprocessing = 0;
		};
		CAE8719825B35A21007CCC91 /* Resources */ = {
			isa = PBXResourcesBuildPhase;
			buildActionMask = 2147483647;
			files = (
				CA6E365C25B35E4A005863FB /* AppFeatures in Resources */,
			);
			runOnlyForDeploymentPostprocessing = 0;
		};
/* End PBXResourcesBuildPhase section */

/* Begin PBXShellScriptBuildPhase section */
		70E64B6D16926C477090F619 /* [CP] Check Pods Manifest.lock */ = {
			isa = PBXShellScriptBuildPhase;
			buildActionMask = 2147483647;
			files = (
			);
			inputFileListPaths = (
			);
			inputPaths = (
				"${PODS_PODFILE_DIR_PATH}/Podfile.lock",
				"${PODS_ROOT}/Manifest.lock",
			);
			name = "[CP] Check Pods Manifest.lock";
			outputFileListPaths = (
			);
			outputPaths = (
				"$(DERIVED_FILE_DIR)/Pods-CucumberSwiftSample-checkManifestLockResult.txt",
			);
			runOnlyForDeploymentPostprocessing = 0;
			shellPath = /bin/sh;
			shellScript = "diff \"${PODS_PODFILE_DIR_PATH}/Podfile.lock\" \"${PODS_ROOT}/Manifest.lock\" > /dev/null\nif [ $? != 0 ] ; then\n    # print error to STDERR\n    echo \"error: The sandbox is not in sync with the Podfile.lock. Run 'pod install' or update your CocoaPods installation.\" >&2\n    exit 1\nfi\n# This output is used by Xcode 'outputs' to avoid re-running this script phase.\necho \"SUCCESS\" > \"${SCRIPT_OUTPUT_FILE_0}\"\n";
			showEnvVarsInLog = 0;
		};
		710E6D2EDAA99C5122A2A70A /* [CP] Check Pods Manifest.lock */ = {
			isa = PBXShellScriptBuildPhase;
			buildActionMask = 2147483647;
			files = (
			);
			inputFileListPaths = (
			);
			inputPaths = (
				"${PODS_PODFILE_DIR_PATH}/Podfile.lock",
				"${PODS_ROOT}/Manifest.lock",
			);
			name = "[CP] Check Pods Manifest.lock";
			outputFileListPaths = (
			);
			outputPaths = (
				"$(DERIVED_FILE_DIR)/Pods-CucumberSwiftSampleTests-checkManifestLockResult.txt",
			);
			runOnlyForDeploymentPostprocessing = 0;
			shellPath = /bin/sh;
			shellScript = "diff \"${PODS_PODFILE_DIR_PATH}/Podfile.lock\" \"${PODS_ROOT}/Manifest.lock\" > /dev/null\nif [ $? != 0 ] ; then\n    # print error to STDERR\n    echo \"error: The sandbox is not in sync with the Podfile.lock. Run 'pod install' or update your CocoaPods installation.\" >&2\n    exit 1\nfi\n# This output is used by Xcode 'outputs' to avoid re-running this script phase.\necho \"SUCCESS\" > \"${SCRIPT_OUTPUT_FILE_0}\"\n";
			showEnvVarsInLog = 0;
		};
		C7F88A4AE49F8E8688730956 /* [CP] Check Pods Manifest.lock */ = {
			isa = PBXShellScriptBuildPhase;
			buildActionMask = 2147483647;
			files = (
			);
			inputFileListPaths = (
			);
			inputPaths = (
				"${PODS_PODFILE_DIR_PATH}/Podfile.lock",
				"${PODS_ROOT}/Manifest.lock",
			);
			name = "[CP] Check Pods Manifest.lock";
			outputFileListPaths = (
			);
			outputPaths = (
				"$(DERIVED_FILE_DIR)/Pods-CucumberSwiftSample-CucumberSwiftSampleUITests-checkManifestLockResult.txt",
			);
			runOnlyForDeploymentPostprocessing = 0;
			shellPath = /bin/sh;
			shellScript = "diff \"${PODS_PODFILE_DIR_PATH}/Podfile.lock\" \"${PODS_ROOT}/Manifest.lock\" > /dev/null\nif [ $? != 0 ] ; then\n    # print error to STDERR\n    echo \"error: The sandbox is not in sync with the Podfile.lock. Run 'pod install' or update your CocoaPods installation.\" >&2\n    exit 1\nfi\n# This output is used by Xcode 'outputs' to avoid re-running this script phase.\necho \"SUCCESS\" > \"${SCRIPT_OUTPUT_FILE_0}\"\n";
			showEnvVarsInLog = 0;
		};
		DA22BDDF510FE9ED05FFDA6F /* [CP] Embed Pods Frameworks */ = {
			isa = PBXShellScriptBuildPhase;
			buildActionMask = 2147483647;
			files = (
			);
			inputFileListPaths = (
				"${PODS_ROOT}/Target Support Files/Pods-CucumberSwiftSample-CucumberSwiftSampleUITests/Pods-CucumberSwiftSample-CucumberSwiftSampleUITests-frameworks-${CONFIGURATION}-input-files.xcfilelist",
			);
			name = "[CP] Embed Pods Frameworks";
			outputFileListPaths = (
				"${PODS_ROOT}/Target Support Files/Pods-CucumberSwiftSample-CucumberSwiftSampleUITests/Pods-CucumberSwiftSample-CucumberSwiftSampleUITests-frameworks-${CONFIGURATION}-output-files.xcfilelist",
			);
			runOnlyForDeploymentPostprocessing = 0;
			shellPath = /bin/sh;
			shellScript = "\"${PODS_ROOT}/Target Support Files/Pods-CucumberSwiftSample-CucumberSwiftSampleUITests/Pods-CucumberSwiftSample-CucumberSwiftSampleUITests-frameworks.sh\"\n";
			showEnvVarsInLog = 0;
		};
/* End PBXShellScriptBuildPhase section */

/* Begin PBXSourcesBuildPhase section */
		CAE8717525B35A20007CCC91 /* Sources */ = {
			isa = PBXSourcesBuildPhase;
			buildActionMask = 2147483647;
			files = (
				CAE8718125B35A20007CCC91 /* ViewController.swift in Sources */,
				CAE8717D25B35A20007CCC91 /* AppDelegate.swift in Sources */,
				CAE8717F25B35A20007CCC91 /* SceneDelegate.swift in Sources */,
			);
			runOnlyForDeploymentPostprocessing = 0;
		};
		CAE8718B25B35A21007CCC91 /* Sources */ = {
			isa = PBXSourcesBuildPhase;
			buildActionMask = 2147483647;
			files = (
				CAE8719425B35A21007CCC91 /* CucumberSwiftSampleTests.swift in Sources */,
			);
			runOnlyForDeploymentPostprocessing = 0;
		};
		CAE8719625B35A21007CCC91 /* Sources */ = {
			isa = PBXSourcesBuildPhase;
			buildActionMask = 2147483647;
			files = (
				CAE8719F25B35A21007CCC91 /* CucumberSwiftSampleUITests.swift in Sources */,
			);
			runOnlyForDeploymentPostprocessing = 0;
		};
/* End PBXSourcesBuildPhase section */

/* Begin PBXTargetDependency section */
		CAE8719125B35A21007CCC91 /* PBXTargetDependency */ = {
			isa = PBXTargetDependency;
			target = CAE8717825B35A20007CCC91 /* CucumberSwiftSample */;
			targetProxy = CAE8719025B35A21007CCC91 /* PBXContainerItemProxy */;
		};
		CAE8719C25B35A21007CCC91 /* PBXTargetDependency */ = {
			isa = PBXTargetDependency;
			target = CAE8717825B35A20007CCC91 /* CucumberSwiftSample */;
			targetProxy = CAE8719B25B35A21007CCC91 /* PBXContainerItemProxy */;
		};
/* End PBXTargetDependency section */

/* Begin PBXVariantGroup section */
		CAE8718225B35A20007CCC91 /* Main.storyboard */ = {
			isa = PBXVariantGroup;
			children = (
				CAE8718325B35A20007CCC91 /* Base */,
			);
			name = Main.storyboard;
			sourceTree = "<group>";
		};
		CAE8718725B35A21007CCC91 /* LaunchScreen.storyboard */ = {
			isa = PBXVariantGroup;
			children = (
				CAE8718825B35A21007CCC91 /* Base */,
			);
			name = LaunchScreen.storyboard;
			sourceTree = "<group>";
		};
/* End PBXVariantGroup section */

/* Begin XCBuildConfiguration section */
		CAE871A125B35A21007CCC91 /* Debug */ = {
			isa = XCBuildConfiguration;
			buildSettings = {
				ALWAYS_SEARCH_USER_PATHS = NO;
				CLANG_ANALYZER_NONNULL = YES;
				CLANG_ANALYZER_NUMBER_OBJECT_CONVERSION = YES_AGGRESSIVE;
				CLANG_CXX_LANGUAGE_STANDARD = "gnu++14";
				CLANG_CXX_LIBRARY = "libc++";
				CLANG_ENABLE_MODULES = YES;
				CLANG_ENABLE_OBJC_ARC = YES;
				CLANG_ENABLE_OBJC_WEAK = YES;
				CLANG_WARN_BLOCK_CAPTURE_AUTORELEASING = YES;
				CLANG_WARN_BOOL_CONVERSION = YES;
				CLANG_WARN_COMMA = YES;
				CLANG_WARN_CONSTANT_CONVERSION = YES;
				CLANG_WARN_DEPRECATED_OBJC_IMPLEMENTATIONS = YES;
				CLANG_WARN_DIRECT_OBJC_ISA_USAGE = YES_ERROR;
				CLANG_WARN_DOCUMENTATION_COMMENTS = YES;
				CLANG_WARN_EMPTY_BODY = YES;
				CLANG_WARN_ENUM_CONVERSION = YES;
				CLANG_WARN_INFINITE_RECURSION = YES;
				CLANG_WARN_INT_CONVERSION = YES;
				CLANG_WARN_NON_LITERAL_NULL_CONVERSION = YES;
				CLANG_WARN_OBJC_IMPLICIT_RETAIN_SELF = YES;
				CLANG_WARN_OBJC_LITERAL_CONVERSION = YES;
				CLANG_WARN_OBJC_ROOT_CLASS = YES_ERROR;
				CLANG_WARN_QUOTED_INCLUDE_IN_FRAMEWORK_HEADER = YES;
				CLANG_WARN_RANGE_LOOP_ANALYSIS = YES;
				CLANG_WARN_STRICT_PROTOTYPES = YES;
				CLANG_WARN_SUSPICIOUS_MOVE = YES;
				CLANG_WARN_UNGUARDED_AVAILABILITY = YES_AGGRESSIVE;
				CLANG_WARN_UNREACHABLE_CODE = YES;
				CLANG_WARN__DUPLICATE_METHOD_MATCH = YES;
				COPY_PHASE_STRIP = NO;
				DEBUG_INFORMATION_FORMAT = dwarf;
				ENABLE_STRICT_OBJC_MSGSEND = YES;
				ENABLE_TESTABILITY = YES;
				GCC_C_LANGUAGE_STANDARD = gnu11;
				GCC_DYNAMIC_NO_PIC = NO;
				GCC_NO_COMMON_BLOCKS = YES;
				GCC_OPTIMIZATION_LEVEL = 0;
				GCC_PREPROCESSOR_DEFINITIONS = (
					"DEBUG=1",
					"$(inherited)",
				);
				GCC_WARN_64_TO_32_BIT_CONVERSION = YES;
				GCC_WARN_ABOUT_RETURN_TYPE = YES_ERROR;
				GCC_WARN_UNDECLARED_SELECTOR = YES;
				GCC_WARN_UNINITIALIZED_AUTOS = YES_AGGRESSIVE;
				GCC_WARN_UNUSED_FUNCTION = YES;
				GCC_WARN_UNUSED_VARIABLE = YES;
				IPHONEOS_DEPLOYMENT_TARGET = 14.3;
				MTL_ENABLE_DEBUG_INFO = INCLUDE_SOURCE;
				MTL_FAST_MATH = YES;
				ONLY_ACTIVE_ARCH = YES;
				SDKROOT = iphoneos;
				SWIFT_ACTIVE_COMPILATION_CONDITIONS = DEBUG;
				SWIFT_OPTIMIZATION_LEVEL = "-Onone";
			};
			name = Debug;
		};
		CAE871A225B35A21007CCC91 /* Release */ = {
			isa = XCBuildConfiguration;
			buildSettings = {
				ALWAYS_SEARCH_USER_PATHS = NO;
				CLANG_ANALYZER_NONNULL = YES;
				CLANG_ANALYZER_NUMBER_OBJECT_CONVERSION = YES_AGGRESSIVE;
				CLANG_CXX_LANGUAGE_STANDARD = "gnu++14";
				CLANG_CXX_LIBRARY = "libc++";
				CLANG_ENABLE_MODULES = YES;
				CLANG_ENABLE_OBJC_ARC = YES;
				CLANG_ENABLE_OBJC_WEAK = YES;
				CLANG_WARN_BLOCK_CAPTURE_AUTORELEASING = YES;
				CLANG_WARN_BOOL_CONVERSION = YES;
				CLANG_WARN_COMMA = YES;
				CLANG_WARN_CONSTANT_CONVERSION = YES;
				CLANG_WARN_DEPRECATED_OBJC_IMPLEMENTATIONS = YES;
				CLANG_WARN_DIRECT_OBJC_ISA_USAGE = YES_ERROR;
				CLANG_WARN_DOCUMENTATION_COMMENTS = YES;
				CLANG_WARN_EMPTY_BODY = YES;
				CLANG_WARN_ENUM_CONVERSION = YES;
				CLANG_WARN_INFINITE_RECURSION = YES;
				CLANG_WARN_INT_CONVERSION = YES;
				CLANG_WARN_NON_LITERAL_NULL_CONVERSION = YES;
				CLANG_WARN_OBJC_IMPLICIT_RETAIN_SELF = YES;
				CLANG_WARN_OBJC_LITERAL_CONVERSION = YES;
				CLANG_WARN_OBJC_ROOT_CLASS = YES_ERROR;
				CLANG_WARN_QUOTED_INCLUDE_IN_FRAMEWORK_HEADER = YES;
				CLANG_WARN_RANGE_LOOP_ANALYSIS = YES;
				CLANG_WARN_STRICT_PROTOTYPES = YES;
				CLANG_WARN_SUSPICIOUS_MOVE = YES;
				CLANG_WARN_UNGUARDED_AVAILABILITY = YES_AGGRESSIVE;
				CLANG_WARN_UNREACHABLE_CODE = YES;
				CLANG_WARN__DUPLICATE_METHOD_MATCH = YES;
				COPY_PHASE_STRIP = NO;
				DEBUG_INFORMATION_FORMAT = "dwarf-with-dsym";
				ENABLE_NS_ASSERTIONS = NO;
				ENABLE_STRICT_OBJC_MSGSEND = YES;
				GCC_C_LANGUAGE_STANDARD = gnu11;
				GCC_NO_COMMON_BLOCKS = YES;
				GCC_WARN_64_TO_32_BIT_CONVERSION = YES;
				GCC_WARN_ABOUT_RETURN_TYPE = YES_ERROR;
				GCC_WARN_UNDECLARED_SELECTOR = YES;
				GCC_WARN_UNINITIALIZED_AUTOS = YES_AGGRESSIVE;
				GCC_WARN_UNUSED_FUNCTION = YES;
				GCC_WARN_UNUSED_VARIABLE = YES;
				IPHONEOS_DEPLOYMENT_TARGET = 14.3;
				MTL_ENABLE_DEBUG_INFO = NO;
				MTL_FAST_MATH = YES;
				SDKROOT = iphoneos;
				SWIFT_COMPILATION_MODE = wholemodule;
				SWIFT_OPTIMIZATION_LEVEL = "-O";
				VALIDATE_PRODUCT = YES;
			};
			name = Release;
		};
		CAE871A425B35A21007CCC91 /* Debug */ = {
			isa = XCBuildConfiguration;
			baseConfigurationReference = 36A8ADB0FA5A978BEA1B4970 /* Pods-CucumberSwiftSample.debug.xcconfig */;
			buildSettings = {
				ASSETCATALOG_COMPILER_APPICON_NAME = AppIcon;
				ASSETCATALOG_COMPILER_GLOBAL_ACCENT_COLOR_NAME = AccentColor;
				CODE_SIGN_STYLE = Automatic;
				DEVELOPMENT_TEAM = 9CUJHB48U6;
				INFOPLIST_FILE = CucumberSwiftSample/Info.plist;
				LD_RUNPATH_SEARCH_PATHS = (
					"$(inherited)",
					"@executable_path/Frameworks",
				);
				PRODUCT_BUNDLE_IDENTIFIER = TT.CucumberSwiftSample;
				PRODUCT_NAME = "$(TARGET_NAME)";
				SWIFT_VERSION = 5.0;
				TARGETED_DEVICE_FAMILY = "1,2";
			};
			name = Debug;
		};
		CAE871A525B35A21007CCC91 /* Release */ = {
			isa = XCBuildConfiguration;
			baseConfigurationReference = 2ECAFD1290FBA455391A3CC5 /* Pods-CucumberSwiftSample.release.xcconfig */;
			buildSettings = {
				ASSETCATALOG_COMPILER_APPICON_NAME = AppIcon;
				ASSETCATALOG_COMPILER_GLOBAL_ACCENT_COLOR_NAME = AccentColor;
				CODE_SIGN_STYLE = Automatic;
				DEVELOPMENT_TEAM = 9CUJHB48U6;
				INFOPLIST_FILE = CucumberSwiftSample/Info.plist;
				LD_RUNPATH_SEARCH_PATHS = (
					"$(inherited)",
					"@executable_path/Frameworks",
				);
				PRODUCT_BUNDLE_IDENTIFIER = TT.CucumberSwiftSample;
				PRODUCT_NAME = "$(TARGET_NAME)";
				SWIFT_VERSION = 5.0;
				TARGETED_DEVICE_FAMILY = "1,2";
			};
			name = Release;
		};
		CAE871A725B35A21007CCC91 /* Debug */ = {
			isa = XCBuildConfiguration;
			baseConfigurationReference = D5459B3144DBE50CF20807D9 /* Pods-CucumberSwiftSampleTests.debug.xcconfig */;
			buildSettings = {
				ALWAYS_EMBED_SWIFT_STANDARD_LIBRARIES = YES;
				BUNDLE_LOADER = "$(TEST_HOST)";
				CODE_SIGN_STYLE = Automatic;
				DEVELOPMENT_TEAM = 9CUJHB48U6;
				INFOPLIST_FILE = CucumberSwiftSampleTests/Info.plist;
				IPHONEOS_DEPLOYMENT_TARGET = 14.3;
				LD_RUNPATH_SEARCH_PATHS = (
					"$(inherited)",
					"@executable_path/Frameworks",
					"@loader_path/Frameworks",
				);
				PRODUCT_BUNDLE_IDENTIFIER = TT.CucumberSwiftSampleTests;
				PRODUCT_NAME = "$(TARGET_NAME)";
				SWIFT_VERSION = 5.0;
				TARGETED_DEVICE_FAMILY = "1,2";
				TEST_HOST = "$(BUILT_PRODUCTS_DIR)/CucumberSwiftSample.app/CucumberSwiftSample";
			};
			name = Debug;
		};
		CAE871A825B35A21007CCC91 /* Release */ = {
			isa = XCBuildConfiguration;
			baseConfigurationReference = F7ABADED93ECAE740C1B0F58 /* Pods-CucumberSwiftSampleTests.release.xcconfig */;
			buildSettings = {
				ALWAYS_EMBED_SWIFT_STANDARD_LIBRARIES = YES;
				BUNDLE_LOADER = "$(TEST_HOST)";
				CODE_SIGN_STYLE = Automatic;
				DEVELOPMENT_TEAM = 9CUJHB48U6;
				INFOPLIST_FILE = CucumberSwiftSampleTests/Info.plist;
				IPHONEOS_DEPLOYMENT_TARGET = 14.3;
				LD_RUNPATH_SEARCH_PATHS = (
					"$(inherited)",
					"@executable_path/Frameworks",
					"@loader_path/Frameworks",
				);
				PRODUCT_BUNDLE_IDENTIFIER = TT.CucumberSwiftSampleTests;
				PRODUCT_NAME = "$(TARGET_NAME)";
				SWIFT_VERSION = 5.0;
				TARGETED_DEVICE_FAMILY = "1,2";
				TEST_HOST = "$(BUILT_PRODUCTS_DIR)/CucumberSwiftSample.app/CucumberSwiftSample";
			};
			name = Release;
		};
		CAE871AA25B35A21007CCC91 /* Debug */ = {
			isa = XCBuildConfiguration;
			baseConfigurationReference = 4A50FBDD181991248E01DB1B /* Pods-CucumberSwiftSample-CucumberSwiftSampleUITests.debug.xcconfig */;
			buildSettings = {
				ALWAYS_EMBED_SWIFT_STANDARD_LIBRARIES = YES;
				CODE_SIGN_STYLE = Automatic;
				DEVELOPMENT_TEAM = 9CUJHB48U6;
				INFOPLIST_FILE = CucumberSwiftSampleUITests/Info.plist;
				LD_RUNPATH_SEARCH_PATHS = (
					"$(inherited)",
					"@executable_path/Frameworks",
					"@loader_path/Frameworks",
				);
				PRODUCT_BUNDLE_IDENTIFIER = TT.CucumberSwiftSampleUITests;
				PRODUCT_NAME = "$(TARGET_NAME)";
				SWIFT_VERSION = 5.0;
				TARGETED_DEVICE_FAMILY = "1,2";
				TEST_TARGET_NAME = CucumberSwiftSample;
			};
			name = Debug;
		};
		CAE871AB25B35A21007CCC91 /* Release */ = {
			isa = XCBuildConfiguration;
			baseConfigurationReference = B398C3B61A8B9936B66B237C /* Pods-CucumberSwiftSample-CucumberSwiftSampleUITests.release.xcconfig */;
			buildSettings = {
				ALWAYS_EMBED_SWIFT_STANDARD_LIBRARIES = YES;
				CODE_SIGN_STYLE = Automatic;
				DEVELOPMENT_TEAM = 9CUJHB48U6;
				INFOPLIST_FILE = CucumberSwiftSampleUITests/Info.plist;
				LD_RUNPATH_SEARCH_PATHS = (
					"$(inherited)",
					"@executable_path/Frameworks",
					"@loader_path/Frameworks",
				);
				PRODUCT_BUNDLE_IDENTIFIER = TT.CucumberSwiftSampleUITests;
				PRODUCT_NAME = "$(TARGET_NAME)";
				SWIFT_VERSION = 5.0;
				TARGETED_DEVICE_FAMILY = "1,2";
				TEST_TARGET_NAME = CucumberSwiftSample;
			};
			name = Release;
		};
/* End XCBuildConfiguration section */

/* Begin XCConfigurationList section */
		CAE8717425B35A20007CCC91 /* Build configuration list for PBXProject "CucumberSwiftSample" */ = {
			isa = XCConfigurationList;
			buildConfigurations = (
				CAE871A125B35A21007CCC91 /* Debug */,
				CAE871A225B35A21007CCC91 /* Release */,
			);
			defaultConfigurationIsVisible = 0;
			defaultConfigurationName = Release;
		};
		CAE871A325B35A21007CCC91 /* Build configuration list for PBXNativeTarget "CucumberSwiftSample" */ = {
			isa = XCConfigurationList;
			buildConfigurations = (
				CAE871A425B35A21007CCC91 /* Debug */,
				CAE871A525B35A21007CCC91 /* Release */,
			);
			defaultConfigurationIsVisible = 0;
			defaultConfigurationName = Release;
		};
		CAE871A625B35A21007CCC91 /* Build configuration list for PBXNativeTarget "CucumberSwiftSampleTests" */ = {
			isa = XCConfigurationList;
			buildConfigurations = (
				CAE871A725B35A21007CCC91 /* Debug */,
				CAE871A825B35A21007CCC91 /* Release */,
			);
			defaultConfigurationIsVisible = 0;
			defaultConfigurationName = Release;
		};
		CAE871A925B35A21007CCC91 /* Build configuration list for PBXNativeTarget "CucumberSwiftSampleUITests" */ = {
			isa = XCConfigurationList;
			buildConfigurations = (
				CAE871AA25B35A21007CCC91 /* Debug */,
				CAE871AB25B35A21007CCC91 /* Release */,
			);
			defaultConfigurationIsVisible = 0;
			defaultConfigurationName = Release;
		};
/* End XCConfigurationList section */
	};
	rootObject = CAE8717125B35A20007CCC91 /* Project object */;
}
