// !$*UTF8*$!
{
	archiveVersion = 1;
	classes = {
	};
	objectVersion = 52;
	objects = {

/* Begin PBXBuildFile section */
		CA6E367725B38C04005863FB /* AppDelegate.swift in Sources */ = {isa = PBXBuildFile; fileRef = CA6E367625B38C04005863FB /* AppDelegate.swift */; };
		CA6E367925B38C04005863FB /* SceneDelegate.swift in Sources */ = {isa = PBXBuildFile; fileRef = CA6E367825B38C04005863FB /* SceneDelegate.swift */; };
		CA6E367B25B38C04005863FB /* ViewController.swift in Sources */ = {isa = PBXBuildFile; fileRef = CA6E367A25B38C04005863FB /* ViewController.swift */; };
		CA6E367E25B38C04005863FB /* Main.storyboard in Resources */ = {isa = PBXBuildFile; fileRef = CA6E367C25B38C04005863FB /* Main.storyboard */; };
		CA6E368025B38C05005863FB /* Assets.xcassets in Resources */ = {isa = PBXBuildFile; fileRef = CA6E367F25B38C05005863FB /* Assets.xcassets */; };
		CA6E368325B38C05005863FB /* LaunchScreen.storyboard in Resources */ = {isa = PBXBuildFile; fileRef = CA6E368125B38C05005863FB /* LaunchScreen.storyboard */; };
		CA6E368E25B38C05005863FB /* CucumberSwiftSampleTests.swift in Sources */ = {isa = PBXBuildFile; fileRef = CA6E368D25B38C05005863FB /* CucumberSwiftSampleTests.swift */; };
		CA6E369925B38C05005863FB /* CucumberSwiftSampleUITests.swift in Sources */ = {isa = PBXBuildFile; fileRef = CA6E369825B38C05005863FB /* CucumberSwiftSampleUITests.swift */; };
		CA6E36AE25B38D05005863FB /* CucumberSwift in Frameworks */ = {isa = PBXBuildFile; productRef = CA6E36AD25B38D05005863FB /* CucumberSwift */; };
		CA6E36B325B38D81005863FB /* AppFeatures in Resources */ = {isa = PBXBuildFile; fileRef = CA6E36B225B38D81005863FB /* AppFeatures */; };
/* End PBXBuildFile section */

/* Begin PBXContainerItemProxy section */
		CA6E368A25B38C05005863FB /* PBXContainerItemProxy */ = {
			isa = PBXContainerItemProxy;
			containerPortal = CA6E366B25B38C04005863FB /* Project object */;
			proxyType = 1;
			remoteGlobalIDString = CA6E367225B38C04005863FB;
			remoteInfo = CucumberSwiftSample;
		};
		CA6E369525B38C05005863FB /* PBXContainerItemProxy */ = {
			isa = PBXContainerItemProxy;
			containerPortal = CA6E366B25B38C04005863FB /* Project object */;
			proxyType = 1;
			remoteGlobalIDString = CA6E367225B38C04005863FB;
			remoteInfo = CucumberSwiftSample;
		};
/* End PBXContainerItemProxy section */

/* Begin PBXFileReference section */
		CA6E367325B38C04005863FB /* CucumberSwiftSample.app */ = {isa = PBXFileReference; explicitFileType = wrapper.application; includeInIndex = 0; path = CucumberSwiftSample.app; sourceTree = BUILT_PRODUCTS_DIR; };
		CA6E367625B38C04005863FB /* AppDelegate.swift */ = {isa = PBXFileReference; lastKnownFileType = sourcecode.swift; path = AppDelegate.swift; sourceTree = "<group>"; };
		CA6E367825B38C04005863FB /* SceneDelegate.swift */ = {isa = PBXFileReference; lastKnownFileType = sourcecode.swift; path = SceneDelegate.swift; sourceTree = "<group>"; };
		CA6E367A25B38C04005863FB /* ViewController.swift */ = {isa = PBXFileReference; lastKnownFileType = sourcecode.swift; path = ViewController.swift; sourceTree = "<group>"; };
		CA6E367D25B38C04005863FB /* Base */ = {isa = PBXFileReference; lastKnownFileType = file.storyboard; name = Base; path = Base.lproj/Main.storyboard; sourceTree = "<group>"; };
		CA6E367F25B38C05005863FB /* Assets.xcassets */ = {isa = PBXFileReference; lastKnownFileType = folder.assetcatalog; path = Assets.xcassets; sourceTree = "<group>"; };
		CA6E368225B38C05005863FB /* Base */ = {isa = PBXFileReference; lastKnownFileType = file.storyboard; name = Base; path = Base.lproj/LaunchScreen.storyboard; sourceTree = "<group>"; };
		CA6E368425B38C05005863FB /* Info.plist */ = {isa = PBXFileReference; lastKnownFileType = text.plist.xml; path = Info.plist; sourceTree = "<group>"; };
		CA6E368925B38C05005863FB /* CucumberSwiftSampleTests.xctest */ = {isa = PBXFileReference; explicitFileType = wrapper.cfbundle; includeInIndex = 0; path = CucumberSwiftSampleTests.xctest; sourceTree = BUILT_PRODUCTS_DIR; };
		CA6E368D25B38C05005863FB /* CucumberSwiftSampleTests.swift */ = {isa = PBXFileReference; lastKnownFileType = sourcecode.swift; path = CucumberSwiftSampleTests.swift; sourceTree = "<group>"; };
		CA6E368F25B38C05005863FB /* Info.plist */ = {isa = PBXFileReference; lastKnownFileType = text.plist.xml; path = Info.plist; sourceTree = "<group>"; };
		CA6E369425B38C05005863FB /* CucumberSwiftSampleUITests.xctest */ = {isa = PBXFileReference; explicitFileType = wrapper.cfbundle; includeInIndex = 0; path = CucumberSwiftSampleUITests.xctest; sourceTree = BUILT_PRODUCTS_DIR; };
		CA6E369825B38C05005863FB /* CucumberSwiftSampleUITests.swift */ = {isa = PBXFileReference; lastKnownFileType = sourcecode.swift; path = CucumberSwiftSampleUITests.swift; sourceTree = "<group>"; };
		CA6E369A25B38C05005863FB /* Info.plist */ = {isa = PBXFileReference; lastKnownFileType = text.plist.xml; path = Info.plist; sourceTree = "<group>"; };
		CA6E36B225B38D81005863FB /* AppFeatures */ = {isa = PBXFileReference; lastKnownFileType = folder; path = AppFeatures; sourceTree = "<group>"; };
/* End PBXFileReference section */

/* Begin PBXFrameworksBuildPhase section */
		CA6E367025B38C04005863FB /* Frameworks */ = {
			isa = PBXFrameworksBuildPhase;
			buildActionMask = 2147483647;
			files = (
			);
			runOnlyForDeploymentPostprocessing = 0;
		};
		CA6E368625B38C05005863FB /* Frameworks */ = {
			isa = PBXFrameworksBuildPhase;
			buildActionMask = 2147483647;
			files = (
			);
			runOnlyForDeploymentPostprocessing = 0;
		};
		CA6E369125B38C05005863FB /* Frameworks */ = {
			isa = PBXFrameworksBuildPhase;
			buildActionMask = 2147483647;
			files = (
				CA6E36AE25B38D05005863FB /* CucumberSwift in Frameworks */,
			);
			runOnlyForDeploymentPostprocessing = 0;
		};
/* End PBXFrameworksBuildPhase section */

/* Begin PBXGroup section */
		CA6E366A25B38C04005863FB = {
			isa = PBXGroup;
			children = (
				CA6E367525B38C04005863FB /* CucumberSwiftSample */,
				CA6E368C25B38C05005863FB /* CucumberSwiftSampleTests */,
				CA6E369725B38C05005863FB /* CucumberSwiftSampleUITests */,
				CA6E367425B38C04005863FB /* Products */,
			);
			sourceTree = "<group>";
		};
		CA6E367425B38C04005863FB /* Products */ = {
			isa = PBXGroup;
			children = (
				CA6E367325B38C04005863FB /* CucumberSwiftSample.app */,
				CA6E368925B38C05005863FB /* CucumberSwiftSampleTests.xctest */,
				CA6E369425B38C05005863FB /* CucumberSwiftSampleUITests.xctest */,
			);
			name = Products;
			sourceTree = "<group>";
		};
		CA6E367525B38C04005863FB /* CucumberSwiftSample */ = {
			isa = PBXGroup;
			children = (
				CA6E367625B38C04005863FB /* AppDelegate.swift */,
				CA6E367825B38C04005863FB /* SceneDelegate.swift */,
				CA6E367A25B38C04005863FB /* ViewController.swift */,
				CA6E367C25B38C04005863FB /* Main.storyboard */,
				CA6E367F25B38C05005863FB /* Assets.xcassets */,
				CA6E368125B38C05005863FB /* LaunchScreen.storyboard */,
				CA6E368425B38C05005863FB /* Info.plist */,
			);
			path = CucumberSwiftSample;
			sourceTree = "<group>";
		};
		CA6E368C25B38C05005863FB /* CucumberSwiftSampleTests */ = {
			isa = PBXGroup;
			children = (
				CA6E368D25B38C05005863FB /* CucumberSwiftSampleTests.swift */,
				CA6E368F25B38C05005863FB /* Info.plist */,
			);
			path = CucumberSwiftSampleTests;
			sourceTree = "<group>";
		};
		CA6E369725B38C05005863FB /* CucumberSwiftSampleUITests */ = {
			isa = PBXGroup;
			children = (
				CA6E36B225B38D81005863FB /* AppFeatures */,
				CA6E369825B38C05005863FB /* CucumberSwiftSampleUITests.swift */,
				CA6E369A25B38C05005863FB /* Info.plist */,
			);
			path = CucumberSwiftSampleUITests;
			sourceTree = "<group>";
		};
/* End PBXGroup section */

/* Begin PBXNativeTarget section */
		CA6E367225B38C04005863FB /* CucumberSwiftSample */ = {
			isa = PBXNativeTarget;
			buildConfigurationList = CA6E369D25B38C05005863FB /* Build configuration list for PBXNativeTarget "CucumberSwiftSample" */;
			buildPhases = (
				CA6E366F25B38C04005863FB /* Sources */,
				CA6E367025B38C04005863FB /* Frameworks */,
				CA6E367125B38C04005863FB /* Resources */,
			);
			buildRules = (
			);
			dependencies = (
			);
			name = CucumberSwiftSample;
			productName = CucumberSwiftSample;
			productReference = CA6E367325B38C04005863FB /* CucumberSwiftSample.app */;
			productType = "com.apple.product-type.application";
		};
		CA6E368825B38C05005863FB /* CucumberSwiftSampleTests */ = {
			isa = PBXNativeTarget;
			buildConfigurationList = CA6E36A025B38C05005863FB /* Build configuration list for PBXNativeTarget "CucumberSwiftSampleTests" */;
			buildPhases = (
				CA6E368525B38C05005863FB /* Sources */,
				CA6E368625B38C05005863FB /* Frameworks */,
				CA6E368725B38C05005863FB /* Resources */,
			);
			buildRules = (
			);
			dependencies = (
				CA6E368B25B38C05005863FB /* PBXTargetDependency */,
			);
			name = CucumberSwiftSampleTests;
			productName = CucumberSwiftSampleTests;
			productReference = CA6E368925B38C05005863FB /* CucumberSwiftSampleTests.xctest */;
			productType = "com.apple.product-type.bundle.unit-test";
		};
		CA6E369325B38C05005863FB /* CucumberSwiftSampleUITests */ = {
			isa = PBXNativeTarget;
			buildConfigurationList = CA6E36A325B38C05005863FB /* Build configuration list for PBXNativeTarget "CucumberSwiftSampleUITests" */;
			buildPhases = (
				CA6E369025B38C05005863FB /* Sources */,
				CA6E369125B38C05005863FB /* Frameworks */,
				CA6E369225B38C05005863FB /* Resources */,
			);
			buildRules = (
			);
			dependencies = (
				CA6E369625B38C05005863FB /* PBXTargetDependency */,
			);
			name = CucumberSwiftSampleUITests;
			packageProductDependencies = (
				CA6E36AD25B38D05005863FB /* CucumberSwift */,
			);
			productName = CucumberSwiftSampleUITests;
			productReference = CA6E369425B38C05005863FB /* CucumberSwiftSampleUITests.xctest */;
			productType = "com.apple.product-type.bundle.ui-testing";
		};
/* End PBXNativeTarget section */

/* Begin PBXProject section */
		CA6E366B25B38C04005863FB /* Project object */ = {
			isa = PBXProject;
			attributes = {
				LastSwiftUpdateCheck = 1230;
				LastUpgradeCheck = 1230;
				TargetAttributes = {
					CA6E367225B38C04005863FB = {
						CreatedOnToolsVersion = 12.3;
					};
					CA6E368825B38C05005863FB = {
						CreatedOnToolsVersion = 12.3;
						TestTargetID = CA6E367225B38C04005863FB;
					};
					CA6E369325B38C05005863FB = {
						CreatedOnToolsVersion = 12.3;
						TestTargetID = CA6E367225B38C04005863FB;
					};
				};
			};
			buildConfigurationList = CA6E366E25B38C04005863FB /* Build configuration list for PBXProject "CucumberSwiftSample" */;
			compatibilityVersion = "Xcode 9.3";
			developmentRegion = en;
			hasScannedForEncodings = 0;
			knownRegions = (
				en,
				Base,
			);
			mainGroup = CA6E366A25B38C04005863FB;
			packageReferences = (
				CA6E36AC25B38D05005863FB /* XCRemoteSwiftPackageReference "CucumberSwift" */,
			);
			productRefGroup = CA6E367425B38C04005863FB /* Products */;
			projectDirPath = "";
			projectRoot = "";
			targets = (
				CA6E367225B38C04005863FB /* CucumberSwiftSample */,
				CA6E368825B38C05005863FB /* CucumberSwiftSampleTests */,
				CA6E369325B38C05005863FB /* CucumberSwiftSampleUITests */,
			);
		};
/* End PBXProject section */

/* Begin PBXResourcesBuildPhase section */
		CA6E367125B38C04005863FB /* Resources */ = {
			isa = PBXResourcesBuildPhase;
			buildActionMask = 2147483647;
			files = (
				CA6E368325B38C05005863FB /* LaunchScreen.storyboard in Resources */,
				CA6E368025B38C05005863FB /* Assets.xcassets in Resources */,
				CA6E367E25B38C04005863FB /* Main.storyboard in Resources */,
			);
			runOnlyForDeploymentPostprocessing = 0;
		};
		CA6E368725B38C05005863FB /* Resources */ = {
			isa = PBXResourcesBuildPhase;
			buildActionMask = 2147483647;
			files = (
			);
			runOnlyForDeploymentPostprocessing = 0;
		};
		CA6E369225B38C05005863FB /* Resources */ = {
			isa = PBXResourcesBuildPhase;
			buildActionMask = 2147483647;
			files = (
				CA6E36B325B38D81005863FB /* AppFeatures in Resources */,
			);
			runOnlyForDeploymentPostprocessing = 0;
		};
/* End PBXResourcesBuildPhase section */

/* Begin PBXSourcesBuildPhase section */
		CA6E366F25B38C04005863FB /* Sources */ = {
			isa = PBXSourcesBuildPhase;
			buildActionMask = 2147483647;
			files = (
				CA6E367B25B38C04005863FB /* ViewController.swift in Sources */,
				CA6E367725B38C04005863FB /* AppDelegate.swift in Sources */,
				CA6E367925B38C04005863FB /* SceneDelegate.swift in Sources */,
			);
			runOnlyForDeploymentPostprocessing = 0;
		};
		CA6E368525B38C05005863FB /* Sources */ = {
			isa = PBXSourcesBuildPhase;
			buildActionMask = 2147483647;
			files = (
				CA6E368E25B38C05005863FB /* CucumberSwiftSampleTests.swift in Sources */,
			);
			runOnlyForDeploymentPostprocessing = 0;
		};
		CA6E369025B38C05005863FB /* Sources */ = {
			isa = PBXSourcesBuildPhase;
			buildActionMask = 2147483647;
			files = (
				CA6E369925B38C05005863FB /* CucumberSwiftSampleUITests.swift in Sources */,
			);
			runOnlyForDeploymentPostprocessing = 0;
		};
/* End PBXSourcesBuildPhase section */

/* Begin PBXTargetDependency section */
		CA6E368B25B38C05005863FB /* PBXTargetDependency */ = {
			isa = PBXTargetDependency;
			target = CA6E367225B38C04005863FB /* CucumberSwiftSample */;
			targetProxy = CA6E368A25B38C05005863FB /* PBXContainerItemProxy */;
		};
		CA6E369625B38C05005863FB /* PBXTargetDependency */ = {
			isa = PBXTargetDependency;
			target = CA6E367225B38C04005863FB /* CucumberSwiftSample */;
			targetProxy = CA6E369525B38C05005863FB /* PBXContainerItemProxy */;
		};
/* End PBXTargetDependency section */

/* Begin PBXVariantGroup section */
		CA6E367C25B38C04005863FB /* Main.storyboard */ = {
			isa = PBXVariantGroup;
			children = (
				CA6E367D25B38C04005863FB /* Base */,
			);
			name = Main.storyboard;
			sourceTree = "<group>";
		};
		CA6E368125B38C05005863FB /* LaunchScreen.storyboard */ = {
			isa = PBXVariantGroup;
			children = (
				CA6E368225B38C05005863FB /* Base */,
			);
			name = LaunchScreen.storyboard;
			sourceTree = "<group>";
		};
/* End PBXVariantGroup section */

/* Begin XCBuildConfiguration section */
		CA6E369B25B38C05005863FB /* Debug */ = {
			isa = XCBuildConfiguration;
			buildSettings = {
				ALWAYS_SEARCH_USER_PATHS = NO;
				CLANG_ANALYZER_NONNULL = YES;
				CLANG_ANALYZER_NUMBER_OBJECT_CONVERSION = YES_AGGRESSIVE;
				CLANG_CXX_LANGUAGE_STANDARD = "gnu++14";
				CLANG_CXX_LIBRARY = "libc++";
				CLANG_ENABLE_MODULES = YES;
				CLANG_ENABLE_OBJC_ARC = YES;
				CLANG_ENABLE_OBJC_WEAK = YES;
				CLANG_WARN_BLOCK_CAPTURE_AUTORELEASING = YES;
				CLANG_WARN_BOOL_CONVERSION = YES;
				CLANG_WARN_COMMA = YES;
				CLANG_WARN_CONSTANT_CONVERSION = YES;
				CLANG_WARN_DEPRECATED_OBJC_IMPLEMENTATIONS = YES;
				CLANG_WARN_DIRECT_OBJC_ISA_USAGE = YES_ERROR;
				CLANG_WARN_DOCUMENTATION_COMMENTS = YES;
				CLANG_WARN_EMPTY_BODY = YES;
				CLANG_WARN_ENUM_CONVERSION = YES;
				CLANG_WARN_INFINITE_RECURSION = YES;
				CLANG_WARN_INT_CONVERSION = YES;
				CLANG_WARN_NON_LITERAL_NULL_CONVERSION = YES;
				CLANG_WARN_OBJC_IMPLICIT_RETAIN_SELF = YES;
				CLANG_WARN_OBJC_LITERAL_CONVERSION = YES;
				CLANG_WARN_OBJC_ROOT_CLASS = YES_ERROR;
				CLANG_WARN_QUOTED_INCLUDE_IN_FRAMEWORK_HEADER = YES;
				CLANG_WARN_RANGE_LOOP_ANALYSIS = YES;
				CLANG_WARN_STRICT_PROTOTYPES = YES;
				CLANG_WARN_SUSPICIOUS_MOVE = YES;
				CLANG_WARN_UNGUARDED_AVAILABILITY = YES_AGGRESSIVE;
				CLANG_WARN_UNREACHABLE_CODE = YES;
				CLANG_WARN__DUPLICATE_METHOD_MATCH = YES;
				COPY_PHASE_STRIP = NO;
				DEBUG_INFORMATION_FORMAT = dwarf;
				ENABLE_STRICT_OBJC_MSGSEND = YES;
				ENABLE_TESTABILITY = YES;
				GCC_C_LANGUAGE_STANDARD = gnu11;
				GCC_DYNAMIC_NO_PIC = NO;
				GCC_NO_COMMON_BLOCKS = YES;
				GCC_OPTIMIZATION_LEVEL = 0;
				GCC_PREPROCESSOR_DEFINITIONS = (
					"DEBUG=1",
					"$(inherited)",
				);
				GCC_WARN_64_TO_32_BIT_CONVERSION = YES;
				GCC_WARN_ABOUT_RETURN_TYPE = YES_ERROR;
				GCC_WARN_UNDECLARED_SELECTOR = YES;
				GCC_WARN_UNINITIALIZED_AUTOS = YES_AGGRESSIVE;
				GCC_WARN_UNUSED_FUNCTION = YES;
				GCC_WARN_UNUSED_VARIABLE = YES;
				IPHONEOS_DEPLOYMENT_TARGET = 14.3;
				MTL_ENABLE_DEBUG_INFO = INCLUDE_SOURCE;
				MTL_FAST_MATH = YES;
				ONLY_ACTIVE_ARCH = YES;
				SDKROOT = iphoneos;
				SWIFT_ACTIVE_COMPILATION_CONDITIONS = DEBUG;
				SWIFT_OPTIMIZATION_LEVEL = "-Onone";
			};
			name = Debug;
		};
		CA6E369C25B38C05005863FB /* Release */ = {
			isa = XCBuildConfiguration;
			buildSettings = {
				ALWAYS_SEARCH_USER_PATHS = NO;
				CLANG_ANALYZER_NONNULL = YES;
				CLANG_ANALYZER_NUMBER_OBJECT_CONVERSION = YES_AGGRESSIVE;
				CLANG_CXX_LANGUAGE_STANDARD = "gnu++14";
				CLANG_CXX_LIBRARY = "libc++";
				CLANG_ENABLE_MODULES = YES;
				CLANG_ENABLE_OBJC_ARC = YES;
				CLANG_ENABLE_OBJC_WEAK = YES;
				CLANG_WARN_BLOCK_CAPTURE_AUTORELEASING = YES;
				CLANG_WARN_BOOL_CONVERSION = YES;
				CLANG_WARN_COMMA = YES;
				CLANG_WARN_CONSTANT_CONVERSION = YES;
				CLANG_WARN_DEPRECATED_OBJC_IMPLEMENTATIONS = YES;
				CLANG_WARN_DIRECT_OBJC_ISA_USAGE = YES_ERROR;
				CLANG_WARN_DOCUMENTATION_COMMENTS = YES;
				CLANG_WARN_EMPTY_BODY = YES;
				CLANG_WARN_ENUM_CONVERSION = YES;
				CLANG_WARN_INFINITE_RECURSION = YES;
				CLANG_WARN_INT_CONVERSION = YES;
				CLANG_WARN_NON_LITERAL_NULL_CONVERSION = YES;
				CLANG_WARN_OBJC_IMPLICIT_RETAIN_SELF = YES;
				CLANG_WARN_OBJC_LITERAL_CONVERSION = YES;
				CLANG_WARN_OBJC_ROOT_CLASS = YES_ERROR;
				CLANG_WARN_QUOTED_INCLUDE_IN_FRAMEWORK_HEADER = YES;
				CLANG_WARN_RANGE_LOOP_ANALYSIS = YES;
				CLANG_WARN_STRICT_PROTOTYPES = YES;
				CLANG_WARN_SUSPICIOUS_MOVE = YES;
				CLANG_WARN_UNGUARDED_AVAILABILITY = YES_AGGRESSIVE;
				CLANG_WARN_UNREACHABLE_CODE = YES;
				CLANG_WARN__DUPLICATE_METHOD_MATCH = YES;
				COPY_PHASE_STRIP = NO;
				DEBUG_INFORMATION_FORMAT = "dwarf-with-dsym";
				ENABLE_NS_ASSERTIONS = NO;
				ENABLE_STRICT_OBJC_MSGSEND = YES;
				GCC_C_LANGUAGE_STANDARD = gnu11;
				GCC_NO_COMMON_BLOCKS = YES;
				GCC_WARN_64_TO_32_BIT_CONVERSION = YES;
				GCC_WARN_ABOUT_RETURN_TYPE = YES_ERROR;
				GCC_WARN_UNDECLARED_SELECTOR = YES;
				GCC_WARN_UNINITIALIZED_AUTOS = YES_AGGRESSIVE;
				GCC_WARN_UNUSED_FUNCTION = YES;
				GCC_WARN_UNUSED_VARIABLE = YES;
				IPHONEOS_DEPLOYMENT_TARGET = 14.3;
				MTL_ENABLE_DEBUG_INFO = NO;
				MTL_FAST_MATH = YES;
				SDKROOT = iphoneos;
				SWIFT_COMPILATION_MODE = wholemodule;
				SWIFT_OPTIMIZATION_LEVEL = "-O";
				VALIDATE_PRODUCT = YES;
			};
			name = Release;
		};
		CA6E369E25B38C05005863FB /* Debug */ = {
			isa = XCBuildConfiguration;
			buildSettings = {
				ASSETCATALOG_COMPILER_APPICON_NAME = AppIcon;
				ASSETCATALOG_COMPILER_GLOBAL_ACCENT_COLOR_NAME = AccentColor;
				CODE_SIGN_STYLE = Automatic;
				DEVELOPMENT_TEAM = 9CUJHB48U6;
				INFOPLIST_FILE = CucumberSwiftSample/Info.plist;
				LD_RUNPATH_SEARCH_PATHS = (
					"$(inherited)",
					"@executable_path/Frameworks",
				);
				PRODUCT_BUNDLE_IDENTIFIER = TT.CucumberSwiftSample;
				PRODUCT_NAME = "$(TARGET_NAME)";
				SWIFT_VERSION = 5.0;
				TARGETED_DEVICE_FAMILY = "1,2";
			};
			name = Debug;
		};
		CA6E369F25B38C05005863FB /* Release */ = {
			isa = XCBuildConfiguration;
			buildSettings = {
				ASSETCATALOG_COMPILER_APPICON_NAME = AppIcon;
				ASSETCATALOG_COMPILER_GLOBAL_ACCENT_COLOR_NAME = AccentColor;
				CODE_SIGN_STYLE = Automatic;
				DEVELOPMENT_TEAM = 9CUJHB48U6;
				INFOPLIST_FILE = CucumberSwiftSample/Info.plist;
				LD_RUNPATH_SEARCH_PATHS = (
					"$(inherited)",
					"@executable_path/Frameworks",
				);
				PRODUCT_BUNDLE_IDENTIFIER = TT.CucumberSwiftSample;
				PRODUCT_NAME = "$(TARGET_NAME)";
				SWIFT_VERSION = 5.0;
				TARGETED_DEVICE_FAMILY = "1,2";
			};
			name = Release;
		};
		CA6E36A125B38C05005863FB /* Debug */ = {
			isa = XCBuildConfiguration;
			buildSettings = {
				ALWAYS_EMBED_SWIFT_STANDARD_LIBRARIES = YES;
				BUNDLE_LOADER = "$(TEST_HOST)";
				CODE_SIGN_STYLE = Automatic;
				DEVELOPMENT_TEAM = 9CUJHB48U6;
				INFOPLIST_FILE = CucumberSwiftSampleTests/Info.plist;
				IPHONEOS_DEPLOYMENT_TARGET = 14.3;
				LD_RUNPATH_SEARCH_PATHS = (
					"$(inherited)",
					"@executable_path/Frameworks",
					"@loader_path/Frameworks",
				);
				PRODUCT_BUNDLE_IDENTIFIER = TT.CucumberSwiftSampleTests;
				PRODUCT_NAME = "$(TARGET_NAME)";
				SWIFT_VERSION = 5.0;
				TARGETED_DEVICE_FAMILY = "1,2";
				TEST_HOST = "$(BUILT_PRODUCTS_DIR)/CucumberSwiftSample.app/CucumberSwiftSample";
			};
			name = Debug;
		};
		CA6E36A225B38C05005863FB /* Release */ = {
			isa = XCBuildConfiguration;
			buildSettings = {
				ALWAYS_EMBED_SWIFT_STANDARD_LIBRARIES = YES;
				BUNDLE_LOADER = "$(TEST_HOST)";
				CODE_SIGN_STYLE = Automatic;
				DEVELOPMENT_TEAM = 9CUJHB48U6;
				INFOPLIST_FILE = CucumberSwiftSampleTests/Info.plist;
				IPHONEOS_DEPLOYMENT_TARGET = 14.3;
				LD_RUNPATH_SEARCH_PATHS = (
					"$(inherited)",
					"@executable_path/Frameworks",
					"@loader_path/Frameworks",
				);
				PRODUCT_BUNDLE_IDENTIFIER = TT.CucumberSwiftSampleTests;
				PRODUCT_NAME = "$(TARGET_NAME)";
				SWIFT_VERSION = 5.0;
				TARGETED_DEVICE_FAMILY = "1,2";
				TEST_HOST = "$(BUILT_PRODUCTS_DIR)/CucumberSwiftSample.app/CucumberSwiftSample";
			};
			name = Release;
		};
		CA6E36A425B38C05005863FB /* Debug */ = {
			isa = XCBuildConfiguration;
			buildSettings = {
				ALWAYS_EMBED_SWIFT_STANDARD_LIBRARIES = YES;
				CODE_SIGN_STYLE = Automatic;
				DEVELOPMENT_TEAM = 9CUJHB48U6;
				INFOPLIST_FILE = CucumberSwiftSampleUITests/Info.plist;
				LD_RUNPATH_SEARCH_PATHS = (
					"$(inherited)",
					"@executable_path/Frameworks",
					"@loader_path/Frameworks",
				);
				PRODUCT_BUNDLE_IDENTIFIER = TT.CucumberSwiftSampleUITests;
				PRODUCT_NAME = "$(TARGET_NAME)";
				SWIFT_VERSION = 5.0;
				TARGETED_DEVICE_FAMILY = "1,2";
				TEST_TARGET_NAME = CucumberSwiftSample;
			};
			name = Debug;
		};
		CA6E36A525B38C05005863FB /* Release */ = {
			isa = XCBuildConfiguration;
			buildSettings = {
				ALWAYS_EMBED_SWIFT_STANDARD_LIBRARIES = YES;
				CODE_SIGN_STYLE = Automatic;
				DEVELOPMENT_TEAM = 9CUJHB48U6;
				INFOPLIST_FILE = CucumberSwiftSampleUITests/Info.plist;
				LD_RUNPATH_SEARCH_PATHS = (
					"$(inherited)",
					"@executable_path/Frameworks",
					"@loader_path/Frameworks",
				);
				PRODUCT_BUNDLE_IDENTIFIER = TT.CucumberSwiftSampleUITests;
				PRODUCT_NAME = "$(TARGET_NAME)";
				SWIFT_VERSION = 5.0;
				TARGETED_DEVICE_FAMILY = "1,2";
				TEST_TARGET_NAME = CucumberSwiftSample;
			};
			name = Release;
		};
/* End XCBuildConfiguration section */

/* Begin XCConfigurationList section */
		CA6E366E25B38C04005863FB /* Build configuration list for PBXProject "CucumberSwiftSample" */ = {
			isa = XCConfigurationList;
			buildConfigurations = (
				CA6E369B25B38C05005863FB /* Debug */,
				CA6E369C25B38C05005863FB /* Release */,
			);
			defaultConfigurationIsVisible = 0;
			defaultConfigurationName = Release;
		};
		CA6E369D25B38C05005863FB /* Build configuration list for PBXNativeTarget "CucumberSwiftSample" */ = {
			isa = XCConfigurationList;
			buildConfigurations = (
				CA6E369E25B38C05005863FB /* Debug */,
				CA6E369F25B38C05005863FB /* Release */,
			);
			defaultConfigurationIsVisible = 0;
			defaultConfigurationName = Release;
		};
		CA6E36A025B38C05005863FB /* Build configuration list for PBXNativeTarget "CucumberSwiftSampleTests" */ = {
			isa = XCConfigurationList;
			buildConfigurations = (
				CA6E36A125B38C05005863FB /* Debug */,
				CA6E36A225B38C05005863FB /* Release */,
			);
			defaultConfigurationIsVisible = 0;
			defaultConfigurationName = Release;
		};
		CA6E36A325B38C05005863FB /* Build configuration list for PBXNativeTarget "CucumberSwiftSampleUITests" */ = {
			isa = XCConfigurationList;
			buildConfigurations = (
				CA6E36A425B38C05005863FB /* Debug */,
				CA6E36A525B38C05005863FB /* Release */,
			);
			defaultConfigurationIsVisible = 0;
			defaultConfigurationName = Release;
		};
/* End XCConfigurationList section */

/* Begin XCRemoteSwiftPackageReference section */
		CA6E36AC25B38D05005863FB /* XCRemoteSwiftPackageReference "CucumberSwift" */ = {
			isa = XCRemoteSwiftPackageReference;
			repositoryURL = "https://github.com/Tyler-Keith-Thompson/CucumberSwift";
			requirement = {
				kind = upToNextMajorVersion;
				minimumVersion = 3.1.1;
			};
		};
/* End XCRemoteSwiftPackageReference section */

/* Begin XCSwiftPackageProductDependency section */
		CA6E36AD25B38D05005863FB /* CucumberSwift */ = {
			isa = XCSwiftPackageProductDependency;
			package = CA6E36AC25B38D05005863FB /* XCRemoteSwiftPackageReference "CucumberSwift" */;
			productName = CucumberSwift;
		};
/* End XCSwiftPackageProductDependency section */
	};
	rootObject = CA6E366B25B38C04005863FB /* Project object */;
}
